// !$*UTF8*$!
{
	archiveVersion = 1;
	classes = {
	};
	objectVersion = 46;
	objects = {

/* Begin PBXBuildFile section */
		983D06631C8A7B0400D7034B /* Assets.xcassets in Resources */ = {isa = PBXBuildFile; fileRef = 983D06621C8A7B0400D7034B /* Assets.xcassets */; };
		983D06951C8A7F8800D7034B /* OLiAppDelegate.m in Sources */ = {isa = PBXBuildFile; fileRef = 983D06901C8A7F8800D7034B /* OLiAppDelegate.m */; };
		983D06971C8A7F8800D7034B /* main.m in Sources */ = {isa = PBXBuildFile; fileRef = 983D06931C8A7F8800D7034B /* main.m */; };
		983D06AA1C8A81FD00D7034B /* OLiHomeBoard.m in Sources */ = {isa = PBXBuildFile; fileRef = 983D06A81C8A81FD00D7034B /* OLiHomeBoard.m */; };
		983D06AB1C8A81FD00D7034B /* OLiHomeBoard.xib in Resources */ = {isa = PBXBuildFile; fileRef = 983D06A91C8A81FD00D7034B /* OLiHomeBoard.xib */; };
		983D06F91C8A915C00D7034B /* NSObject+OLiNetEngine.m in Sources */ = {isa = PBXBuildFile; fileRef = 983D06B01C8A915C00D7034B /* NSObject+OLiNetEngine.m */; };
		983D06FA1C8A915C00D7034B /* NSString+PublicEncrypt.m in Sources */ = {isa = PBXBuildFile; fileRef = 983D06B21C8A915C00D7034B /* NSString+PublicEncrypt.m */; };
		983D06FB1C8A915C00D7034B /* OLiHTTPRequestOperationManager.m in Sources */ = {isa = PBXBuildFile; fileRef = 983D06B41C8A915C00D7034B /* OLiHTTPRequestOperationManager.m */; };
		983D06FC1C8A915C00D7034B /* OLiNetEngine.m in Sources */ = {isa = PBXBuildFile; fileRef = 983D06B61C8A915C00D7034B /* OLiNetEngine.m */; };
		983D06FD1C8A915C00D7034B /* OLiNetError.m in Sources */ = {isa = PBXBuildFile; fileRef = 983D06B81C8A915C00D7034B /* OLiNetError.m */; };
		983D06FE1C8A915C00D7034B /* OLiRequestObject.m in Sources */ = {isa = PBXBuildFile; fileRef = 983D06BA1C8A915C00D7034B /* OLiRequestObject.m */; };
		983D06FF1C8A915C00D7034B /* OLiNetEngineSetting+OLiNetEngine.m in Sources */ = {isa = PBXBuildFile; fileRef = 983D06BE1C8A915C00D7034B /* OLiNetEngineSetting+OLiNetEngine.m */; };
		983D07001C8A915C00D7034B /* OLiNetEngineSetting.m in Sources */ = {isa = PBXBuildFile; fileRef = 983D06C01C8A915C00D7034B /* OLiNetEngineSetting.m */; };
		983D07011C8A915C00D7034B /* OLiRequestObject+InterfaceURLType.m in Sources */ = {isa = PBXBuildFile; fileRef = 983D06C21C8A915C00D7034B /* OLiRequestObject+InterfaceURLType.m */; };
		983D07021C8A915C00D7034B /* AFHTTPRequestOperation.m in Sources */ = {isa = PBXBuildFile; fileRef = 983D06C71C8A915C00D7034B /* AFHTTPRequestOperation.m */; };
		983D07031C8A915C00D7034B /* AFHTTPRequestOperationManager.m in Sources */ = {isa = PBXBuildFile; fileRef = 983D06C91C8A915C00D7034B /* AFHTTPRequestOperationManager.m */; };
		983D07041C8A915C00D7034B /* AFHTTPSessionManager.m in Sources */ = {isa = PBXBuildFile; fileRef = 983D06CB1C8A915C00D7034B /* AFHTTPSessionManager.m */; };
		983D07051C8A915C00D7034B /* AFNetworkReachabilityManager.m in Sources */ = {isa = PBXBuildFile; fileRef = 983D06CE1C8A915C00D7034B /* AFNetworkReachabilityManager.m */; };
		983D07061C8A915C00D7034B /* AFSecurityPolicy.m in Sources */ = {isa = PBXBuildFile; fileRef = 983D06D01C8A915C00D7034B /* AFSecurityPolicy.m */; };
		983D07071C8A915C00D7034B /* AFURLConnectionOperation.m in Sources */ = {isa = PBXBuildFile; fileRef = 983D06D21C8A915C00D7034B /* AFURLConnectionOperation.m */; };
		983D07081C8A915C00D7034B /* AFURLRequestSerialization.m in Sources */ = {isa = PBXBuildFile; fileRef = 983D06D41C8A915C00D7034B /* AFURLRequestSerialization.m */; };
		983D07091C8A915C00D7034B /* AFURLResponseSerialization.m in Sources */ = {isa = PBXBuildFile; fileRef = 983D06D61C8A915C00D7034B /* AFURLResponseSerialization.m */; };
		983D070A1C8A915C00D7034B /* AFURLSessionManager.m in Sources */ = {isa = PBXBuildFile; fileRef = 983D06D81C8A915C00D7034B /* AFURLSessionManager.m */; };
		983D07131C8A915C00D7034B /* GTMBase64.m in Sources */ = {isa = PBXBuildFile; fileRef = 983D06ED1C8A915C00D7034B /* GTMBase64.m */; settings = {COMPILER_FLAGS = "-fno-objc-arc"; }; };
		983D07141C8A915C00D7034B /* NSData-AES.m in Sources */ = {isa = PBXBuildFile; fileRef = 983D06F11C8A915C00D7034B /* NSData-AES.m */; };
		983D07151C8A915C00D7034B /* RC4.c in Sources */ = {isa = PBXBuildFile; fileRef = 983D06F21C8A915C00D7034B /* RC4.c */; };
		983D07161C8A915C00D7034B /* rijndael.c in Sources */ = {isa = PBXBuildFile; fileRef = 983D06F41C8A915C00D7034B /* rijndael.c */; };
		983D07171C8A915C00D7034B /* Reachability.m in Sources */ = {isa = PBXBuildFile; fileRef = 983D06F81C8A915C00D7034B /* Reachability.m */; };
		983D071E1C8A960700D7034B /* DemoBLL.m in Sources */ = {isa = PBXBuildFile; fileRef = 983D07191C8A960700D7034B /* DemoBLL.m */; };
		983D071F1C8A960700D7034B /* RequestDemoEnity.m in Sources */ = {isa = PBXBuildFile; fileRef = 983D071B1C8A960700D7034B /* RequestDemoEnity.m */; };
		983D07201C8A960700D7034B /* ResponseDemoEnity.m in Sources */ = {isa = PBXBuildFile; fileRef = 983D071D1C8A960700D7034B /* ResponseDemoEnity.m */; };
		983D07231C8AAD5900D7034B /* OLiHTTPRequestOperationManager+Download.m in Sources */ = {isa = PBXBuildFile; fileRef = 983D07221C8AAD5900D7034B /* OLiHTTPRequestOperationManager+Download.m */; };
		983D07261C8ABEFD00D7034B /* ResponseDownload.m in Sources */ = {isa = PBXBuildFile; fileRef = 983D07251C8ABEFD00D7034B /* ResponseDownload.m */; };
		983D07291C8ABF4100D7034B /* RequestDownload.m in Sources */ = {isa = PBXBuildFile; fileRef = 983D07281C8ABF4100D7034B /* RequestDownload.m */; };
		983D072C1C8ABF8D00D7034B /* DownloadBLL.m in Sources */ = {isa = PBXBuildFile; fileRef = 983D072B1C8ABF8D00D7034B /* DownloadBLL.m */; };
		9842913D1CAD0E22004EE44A /* CCWormView.m in Sources */ = {isa = PBXBuildFile; fileRef = 9842913C1CAD0E22004EE44A /* CCWormView.m */; };
		9847B0EF1CA28FFA00D58955 /* OLiBaseBoard.m in Sources */ = {isa = PBXBuildFile; fileRef = 9847B0ED1CA28FFA00D58955 /* OLiBaseBoard.m */; };
		9847B0F01CA28FFA00D58955 /* OLiBaseBoard.xib in Resources */ = {isa = PBXBuildFile; fileRef = 9847B0EE1CA28FFA00D58955 /* OLiBaseBoard.xib */; };
		9847B0FB1CA291AE00D58955 /* OLiSectionBoard.m in Sources */ = {isa = PBXBuildFile; fileRef = 9847B0F81CA291AE00D58955 /* OLiSectionBoard.m */; };
		9847B0FC1CA291AE00D58955 /* OLiSectionBoard.xib in Resources */ = {isa = PBXBuildFile; fileRef = 9847B0F91CA291AE00D58955 /* OLiSectionBoard.xib */; };
		9847B0FF1CA2922300D58955 /* OLiTableViewHeaderView.m in Sources */ = {isa = PBXBuildFile; fileRef = 9847B0FE1CA2922300D58955 /* OLiTableViewHeaderView.m */; };
		9847B1031CA293C500D58955 /* OLiSectionTableViewCell.m in Sources */ = {isa = PBXBuildFile; fileRef = 9847B1011CA293C500D58955 /* OLiSectionTableViewCell.m */; };
		9847B1041CA293C500D58955 /* OLiSectionTableViewCell.xib in Resources */ = {isa = PBXBuildFile; fileRef = 9847B1021CA293C500D58955 /* OLiSectionTableViewCell.xib */; };
		9847B1071CA29A7800D58955 /* ModelGroups.m in Sources */ = {isa = PBXBuildFile; fileRef = 9847B1061CA29A7800D58955 /* ModelGroups.m */; };
		9847B1091CA2A08900D58955 /* list.plist in Resources */ = {isa = PBXBuildFile; fileRef = 9847B1081CA2A08900D58955 /* list.plist */; };
		9847B10C1CA2A39A00D58955 /* OLiIndexBoard.m in Sources */ = {isa = PBXBuildFile; fileRef = 9847B10B1CA2A39A00D58955 /* OLiIndexBoard.m */; };
		98871AFC1C9E7F0F003F652D /* OLiMeBoard.m in Sources */ = {isa = PBXBuildFile; fileRef = 98871AFA1C9E7F0F003F652D /* OLiMeBoard.m */; };
		98871AFD1C9E7F0F003F652D /* OLiMeBoard.xib in Resources */ = {isa = PBXBuildFile; fileRef = 98871AFB1C9E7F0F003F652D /* OLiMeBoard.xib */; };
		98871B051C9EB6DA003F652D /* HyLoglnButton.m in Sources */ = {isa = PBXBuildFile; fileRef = 98871B001C9EB6DA003F652D /* HyLoglnButton.m */; };
		98871B061C9EB6DA003F652D /* HyTransitions.m in Sources */ = {isa = PBXBuildFile; fileRef = 98871B021C9EB6DA003F652D /* HyTransitions.m */; };
		98871B071C9EB6DA003F652D /* SpinerLayer.m in Sources */ = {isa = PBXBuildFile; fileRef = 98871B041C9EB6DA003F652D /* SpinerLayer.m */; };
		98957A5C1C9AB7A8005F0F16 /* OLiLoginBoard.m in Sources */ = {isa = PBXBuildFile; fileRef = 98957A5B1C9AB7A8005F0F16 /* OLiLoginBoard.m */; };
		98957A5E1C9AB7CB005F0F16 /* OLiLoginBoard.xib in Resources */ = {isa = PBXBuildFile; fileRef = 98957A5D1C9AB7CB005F0F16 /* OLiLoginBoard.xib */; };
		98B84EB31CA3C44300FECA68 /* OLiToast.m in Sources */ = {isa = PBXBuildFile; fileRef = 98B84EB21CA3C44300FECA68 /* OLiToast.m */; };
		98CB81041CB1E3DF00420EF9 /* OLiSettingBoard.m in Sources */ = {isa = PBXBuildFile; fileRef = 98CB81021CB1E3DF00420EF9 /* OLiSettingBoard.m */; };
		98CB81051CB1E3DF00420EF9 /* OLiSettingBoard.xib in Resources */ = {isa = PBXBuildFile; fileRef = 98CB81031CB1E3DF00420EF9 /* OLiSettingBoard.xib */; };
		98CB81091CB1E3FA00420EF9 /* OLiWebBoard.m in Sources */ = {isa = PBXBuildFile; fileRef = 98CB81071CB1E3FA00420EF9 /* OLiWebBoard.m */; };
		98CB810A1CB1E3FA00420EF9 /* OLiWebBoard.xib in Resources */ = {isa = PBXBuildFile; fileRef = 98CB81081CB1E3FA00420EF9 /* OLiWebBoard.xib */; };
		98CB810E1CB1EBE800420EF9 /* UINavigationController+FDFullscreenPopGesture.m in Sources */ = {isa = PBXBuildFile; fileRef = 98CB810D1CB1EBE800420EF9 /* UINavigationController+FDFullscreenPopGesture.m */; };
		98CC6EC61CA3A82D0003CFB5 /* page2@2x.png in Resources */ = {isa = PBXBuildFile; fileRef = 98CC6EC11CA3A82D0003CFB5 /* page2@2x.png */; };
		98CC6EC71CA3A82D0003CFB5 /* page1@2x.png in Resources */ = {isa = PBXBuildFile; fileRef = 98CC6EC21CA3A82D0003CFB5 /* page1@2x.png */; };
		98CC6EC81CA3A82D0003CFB5 /* page4@2x.png in Resources */ = {isa = PBXBuildFile; fileRef = 98CC6EC31CA3A82D0003CFB5 /* page4@2x.png */; };
		98CC6EC91CA3A82D0003CFB5 /* page0@2x.png in Resources */ = {isa = PBXBuildFile; fileRef = 98CC6EC41CA3A82D0003CFB5 /* page0@2x.png */; };
		98CC6ECA1CA3A82D0003CFB5 /* page3@2x.png in Resources */ = {isa = PBXBuildFile; fileRef = 98CC6EC51CA3A82D0003CFB5 /* page3@2x.png */; };
		98E6A6421C9EDA47005A7D58 /* NextViewController.m in Sources */ = {isa = PBXBuildFile; fileRef = 98E6A6401C9EDA47005A7D58 /* NextViewController.m */; };
		98E6A6431C9EDA47005A7D58 /* NextViewController.xib in Resources */ = {isa = PBXBuildFile; fileRef = 98E6A6411C9EDA47005A7D58 /* NextViewController.xib */; };
		98EC10F31CCF12680011781B /* backItemImage@2x.png in Resources */ = {isa = PBXBuildFile; fileRef = 98EC10E81CCF12680011781B /* backItemImage@2x.png */; };
		98EC10F41CCF12680011781B /* backItemImage_hl@2x.png in Resources */ = {isa = PBXBuildFile; fileRef = 98EC10E91CCF12680011781B /* backItemImage_hl@2x.png */; };
		98EC10FB1CCF12E60011781B /* OLiWebViewNavigationViewController.m in Sources */ = {isa = PBXBuildFile; fileRef = 98EC10FA1CCF12E60011781B /* OLiWebViewNavigationViewController.m */; };
		98EC10FE1CCF141E0011781B /* OLiWebViewController.m in Sources */ = {isa = PBXBuildFile; fileRef = 98EC10FD1CCF141E0011781B /* OLiWebViewController.m */; };
		98EC11031CCF33090011781B /* RxWebViewController.m in Sources */ = {isa = PBXBuildFile; fileRef = 98EC11001CCF33090011781B /* RxWebViewController.m */; };
		98EC11041CCF33090011781B /* RxWebViewNavigationViewController.m in Sources */ = {isa = PBXBuildFile; fileRef = 98EC11021CCF33090011781B /* RxWebViewNavigationViewController.m */; };
		98FD427B1CA3909200282443 /* OLiQuestionBoard.m in Sources */ = {isa = PBXBuildFile; fileRef = 98FD42791CA3909200282443 /* OLiQuestionBoard.m */; };
		98FD427C1CA3909200282443 /* OLiQuestionBoard.xib in Resources */ = {isa = PBXBuildFile; fileRef = 98FD427A1CA3909200282443 /* OLiQuestionBoard.xib */; };
		98FD42801CA390AB00282443 /* iCarousel.m in Sources */ = {isa = PBXBuildFile; fileRef = 98FD427F1CA390AB00282443 /* iCarousel.m */; };
		98FD42841CA39C6F00282443 /* OLiQuestionView.m in Sources */ = {isa = PBXBuildFile; fileRef = 98FD42831CA39C6F00282443 /* OLiQuestionView.m */; };
/* End PBXBuildFile section */

/* Begin PBXFileReference section */
		983D06531C8A7B0400D7034B /* OLi.app */ = {isa = PBXFileReference; explicitFileType = wrapper.application; includeInIndex = 0; path = OLi.app; sourceTree = BUILT_PRODUCTS_DIR; };
		983D06621C8A7B0400D7034B /* Assets.xcassets */ = {isa = PBXFileReference; lastKnownFileType = folder.assetcatalog; path = Assets.xcassets; sourceTree = "<group>"; };
		983D068F1C8A7F8800D7034B /* OLiAppDelegate.h */ = {isa = PBXFileReference; fileEncoding = 4; lastKnownFileType = sourcecode.c.h; path = OLiAppDelegate.h; sourceTree = "<group>"; };
		983D06901C8A7F8800D7034B /* OLiAppDelegate.m */ = {isa = PBXFileReference; fileEncoding = 4; lastKnownFileType = sourcecode.c.objc; path = OLiAppDelegate.m; sourceTree = "<group>"; };
		983D06921C8A7F8800D7034B /* Info.plist */ = {isa = PBXFileReference; fileEncoding = 4; lastKnownFileType = text.plist.xml; path = Info.plist; sourceTree = "<group>"; };
		983D06931C8A7F8800D7034B /* main.m */ = {isa = PBXFileReference; fileEncoding = 4; lastKnownFileType = sourcecode.c.objc; path = main.m; sourceTree = "<group>"; };
		983D06A71C8A81FD00D7034B /* OLiHomeBoard.h */ = {isa = PBXFileReference; fileEncoding = 4; lastKnownFileType = sourcecode.c.h; path = OLiHomeBoard.h; sourceTree = "<group>"; };
		983D06A81C8A81FD00D7034B /* OLiHomeBoard.m */ = {isa = PBXFileReference; fileEncoding = 4; lastKnownFileType = sourcecode.c.objc; path = OLiHomeBoard.m; sourceTree = "<group>"; };
		983D06A91C8A81FD00D7034B /* OLiHomeBoard.xib */ = {isa = PBXFileReference; fileEncoding = 4; lastKnownFileType = file.xib; path = OLiHomeBoard.xib; sourceTree = "<group>"; };
		983D06AF1C8A915C00D7034B /* NSObject+OLiNetEngine.h */ = {isa = PBXFileReference; fileEncoding = 4; lastKnownFileType = sourcecode.c.h; path = "NSObject+OLiNetEngine.h"; sourceTree = "<group>"; };
		983D06B01C8A915C00D7034B /* NSObject+OLiNetEngine.m */ = {isa = PBXFileReference; fileEncoding = 4; lastKnownFileType = sourcecode.c.objc; path = "NSObject+OLiNetEngine.m"; sourceTree = "<group>"; };
		983D06B11C8A915C00D7034B /* NSString+PublicEncrypt.h */ = {isa = PBXFileReference; fileEncoding = 4; lastKnownFileType = sourcecode.c.h; path = "NSString+PublicEncrypt.h"; sourceTree = "<group>"; };
		983D06B21C8A915C00D7034B /* NSString+PublicEncrypt.m */ = {isa = PBXFileReference; fileEncoding = 4; lastKnownFileType = sourcecode.c.objc; path = "NSString+PublicEncrypt.m"; sourceTree = "<group>"; };
		983D06B31C8A915C00D7034B /* OLiHTTPRequestOperationManager.h */ = {isa = PBXFileReference; fileEncoding = 4; lastKnownFileType = sourcecode.c.h; path = OLiHTTPRequestOperationManager.h; sourceTree = "<group>"; };
		983D06B41C8A915C00D7034B /* OLiHTTPRequestOperationManager.m */ = {isa = PBXFileReference; fileEncoding = 4; lastKnownFileType = sourcecode.c.objc; path = OLiHTTPRequestOperationManager.m; sourceTree = "<group>"; };
		983D06B51C8A915C00D7034B /* OLiNetEngine.h */ = {isa = PBXFileReference; fileEncoding = 4; lastKnownFileType = sourcecode.c.h; path = OLiNetEngine.h; sourceTree = "<group>"; };
		983D06B61C8A915C00D7034B /* OLiNetEngine.m */ = {isa = PBXFileReference; fileEncoding = 4; lastKnownFileType = sourcecode.c.objc; path = OLiNetEngine.m; sourceTree = "<group>"; };
		983D06B71C8A915C00D7034B /* OLiNetError.h */ = {isa = PBXFileReference; fileEncoding = 4; lastKnownFileType = sourcecode.c.h; path = OLiNetError.h; sourceTree = "<group>"; };
		983D06B81C8A915C00D7034B /* OLiNetError.m */ = {isa = PBXFileReference; fileEncoding = 4; lastKnownFileType = sourcecode.c.objc; path = OLiNetError.m; sourceTree = "<group>"; };
		983D06B91C8A915C00D7034B /* OLiRequestObject.h */ = {isa = PBXFileReference; fileEncoding = 4; lastKnownFileType = sourcecode.c.h; path = OLiRequestObject.h; sourceTree = "<group>"; };
		983D06BA1C8A915C00D7034B /* OLiRequestObject.m */ = {isa = PBXFileReference; fileEncoding = 4; lastKnownFileType = sourcecode.c.objc; path = OLiRequestObject.m; sourceTree = "<group>"; };
		983D06BB1C8A915C00D7034B /* OLiRequestObjectDelegate.h */ = {isa = PBXFileReference; fileEncoding = 4; lastKnownFileType = sourcecode.c.h; path = OLiRequestObjectDelegate.h; sourceTree = "<group>"; };
		983D06BD1C8A915C00D7034B /* OLiNetEngineSetting+OLiNetEngine.h */ = {isa = PBXFileReference; fileEncoding = 4; lastKnownFileType = sourcecode.c.h; path = "OLiNetEngineSetting+OLiNetEngine.h"; sourceTree = "<group>"; };
		983D06BE1C8A915C00D7034B /* OLiNetEngineSetting+OLiNetEngine.m */ = {isa = PBXFileReference; fileEncoding = 4; lastKnownFileType = sourcecode.c.objc; path = "OLiNetEngineSetting+OLiNetEngine.m"; sourceTree = "<group>"; };
		983D06BF1C8A915C00D7034B /* OLiNetEngineSetting.h */ = {isa = PBXFileReference; fileEncoding = 4; lastKnownFileType = sourcecode.c.h; path = OLiNetEngineSetting.h; sourceTree = "<group>"; };
		983D06C01C8A915C00D7034B /* OLiNetEngineSetting.m */ = {isa = PBXFileReference; fileEncoding = 4; lastKnownFileType = sourcecode.c.objc; path = OLiNetEngineSetting.m; sourceTree = "<group>"; };
		983D06C11C8A915C00D7034B /* OLiRequestObject+InterfaceURLType.h */ = {isa = PBXFileReference; fileEncoding = 4; lastKnownFileType = sourcecode.c.h; path = "OLiRequestObject+InterfaceURLType.h"; sourceTree = "<group>"; };
		983D06C21C8A915C00D7034B /* OLiRequestObject+InterfaceURLType.m */ = {isa = PBXFileReference; fileEncoding = 4; lastKnownFileType = sourcecode.c.objc; path = "OLiRequestObject+InterfaceURLType.m"; sourceTree = "<group>"; };
		983D06C61C8A915C00D7034B /* AFHTTPRequestOperation.h */ = {isa = PBXFileReference; fileEncoding = 4; lastKnownFileType = sourcecode.c.h; path = AFHTTPRequestOperation.h; sourceTree = "<group>"; };
		983D06C71C8A915C00D7034B /* AFHTTPRequestOperation.m */ = {isa = PBXFileReference; fileEncoding = 4; lastKnownFileType = sourcecode.c.objc; path = AFHTTPRequestOperation.m; sourceTree = "<group>"; };
		983D06C81C8A915C00D7034B /* AFHTTPRequestOperationManager.h */ = {isa = PBXFileReference; fileEncoding = 4; lastKnownFileType = sourcecode.c.h; path = AFHTTPRequestOperationManager.h; sourceTree = "<group>"; };
		983D06C91C8A915C00D7034B /* AFHTTPRequestOperationManager.m */ = {isa = PBXFileReference; fileEncoding = 4; lastKnownFileType = sourcecode.c.objc; path = AFHTTPRequestOperationManager.m; sourceTree = "<group>"; };
		983D06CA1C8A915C00D7034B /* AFHTTPSessionManager.h */ = {isa = PBXFileReference; fileEncoding = 4; lastKnownFileType = sourcecode.c.h; path = AFHTTPSessionManager.h; sourceTree = "<group>"; };
		983D06CB1C8A915C00D7034B /* AFHTTPSessionManager.m */ = {isa = PBXFileReference; fileEncoding = 4; lastKnownFileType = sourcecode.c.objc; path = AFHTTPSessionManager.m; sourceTree = "<group>"; };
		983D06CC1C8A915C00D7034B /* AFNetworking.h */ = {isa = PBXFileReference; fileEncoding = 4; lastKnownFileType = sourcecode.c.h; path = AFNetworking.h; sourceTree = "<group>"; };
		983D06CD1C8A915C00D7034B /* AFNetworkReachabilityManager.h */ = {isa = PBXFileReference; fileEncoding = 4; lastKnownFileType = sourcecode.c.h; path = AFNetworkReachabilityManager.h; sourceTree = "<group>"; };
		983D06CE1C8A915C00D7034B /* AFNetworkReachabilityManager.m */ = {isa = PBXFileReference; fileEncoding = 4; lastKnownFileType = sourcecode.c.objc; path = AFNetworkReachabilityManager.m; sourceTree = "<group>"; };
		983D06CF1C8A915C00D7034B /* AFSecurityPolicy.h */ = {isa = PBXFileReference; fileEncoding = 4; lastKnownFileType = sourcecode.c.h; path = AFSecurityPolicy.h; sourceTree = "<group>"; };
		983D06D01C8A915C00D7034B /* AFSecurityPolicy.m */ = {isa = PBXFileReference; fileEncoding = 4; lastKnownFileType = sourcecode.c.objc; path = AFSecurityPolicy.m; sourceTree = "<group>"; };
		983D06D11C8A915C00D7034B /* AFURLConnectionOperation.h */ = {isa = PBXFileReference; fileEncoding = 4; lastKnownFileType = sourcecode.c.h; path = AFURLConnectionOperation.h; sourceTree = "<group>"; };
		983D06D21C8A915C00D7034B /* AFURLConnectionOperation.m */ = {isa = PBXFileReference; fileEncoding = 4; lastKnownFileType = sourcecode.c.objc; path = AFURLConnectionOperation.m; sourceTree = "<group>"; };
		983D06D31C8A915C00D7034B /* AFURLRequestSerialization.h */ = {isa = PBXFileReference; fileEncoding = 4; lastKnownFileType = sourcecode.c.h; path = AFURLRequestSerialization.h; sourceTree = "<group>"; };
		983D06D41C8A915C00D7034B /* AFURLRequestSerialization.m */ = {isa = PBXFileReference; fileEncoding = 4; lastKnownFileType = sourcecode.c.objc; path = AFURLRequestSerialization.m; sourceTree = "<group>"; };
		983D06D51C8A915C00D7034B /* AFURLResponseSerialization.h */ = {isa = PBXFileReference; fileEncoding = 4; lastKnownFileType = sourcecode.c.h; path = AFURLResponseSerialization.h; sourceTree = "<group>"; };
		983D06D61C8A915C00D7034B /* AFURLResponseSerialization.m */ = {isa = PBXFileReference; fileEncoding = 4; lastKnownFileType = sourcecode.c.objc; path = AFURLResponseSerialization.m; sourceTree = "<group>"; };
		983D06D71C8A915C00D7034B /* AFURLSessionManager.h */ = {isa = PBXFileReference; fileEncoding = 4; lastKnownFileType = sourcecode.c.h; path = AFURLSessionManager.h; sourceTree = "<group>"; };
		983D06D81C8A915C00D7034B /* AFURLSessionManager.m */ = {isa = PBXFileReference; fileEncoding = 4; lastKnownFileType = sourcecode.c.objc; path = AFURLSessionManager.m; sourceTree = "<group>"; };
		983D06EC1C8A915C00D7034B /* GTMBase64.h */ = {isa = PBXFileReference; fileEncoding = 4; lastKnownFileType = sourcecode.c.h; path = GTMBase64.h; sourceTree = "<group>"; };
		983D06ED1C8A915C00D7034B /* GTMBase64.m */ = {isa = PBXFileReference; fileEncoding = 4; lastKnownFileType = sourcecode.c.objc; path = GTMBase64.m; sourceTree = "<group>"; };
		983D06EE1C8A915C00D7034B /* GTMDefines.h */ = {isa = PBXFileReference; fileEncoding = 4; lastKnownFileType = sourcecode.c.h; path = GTMDefines.h; sourceTree = "<group>"; };
		983D06F01C8A915C00D7034B /* NSData-AES.h */ = {isa = PBXFileReference; fileEncoding = 4; lastKnownFileType = sourcecode.c.h; path = "NSData-AES.h"; sourceTree = "<group>"; };
		983D06F11C8A915C00D7034B /* NSData-AES.m */ = {isa = PBXFileReference; fileEncoding = 4; lastKnownFileType = sourcecode.c.objc; path = "NSData-AES.m"; sourceTree = "<group>"; };
		983D06F21C8A915C00D7034B /* RC4.c */ = {isa = PBXFileReference; fileEncoding = 4; lastKnownFileType = sourcecode.c.c; path = RC4.c; sourceTree = "<group>"; };
		983D06F31C8A915C00D7034B /* RC4.h */ = {isa = PBXFileReference; fileEncoding = 4; lastKnownFileType = sourcecode.c.h; path = RC4.h; sourceTree = "<group>"; };
		983D06F41C8A915C00D7034B /* rijndael.c */ = {isa = PBXFileReference; fileEncoding = 4; lastKnownFileType = sourcecode.c.c; path = rijndael.c; sourceTree = "<group>"; };
		983D06F51C8A915C00D7034B /* rijndael.h */ = {isa = PBXFileReference; fileEncoding = 4; lastKnownFileType = sourcecode.c.h; path = rijndael.h; sourceTree = "<group>"; };
		983D06F71C8A915C00D7034B /* Reachability.h */ = {isa = PBXFileReference; fileEncoding = 4; lastKnownFileType = sourcecode.c.h; path = Reachability.h; sourceTree = "<group>"; };
		983D06F81C8A915C00D7034B /* Reachability.m */ = {isa = PBXFileReference; fileEncoding = 4; lastKnownFileType = sourcecode.c.objc; path = Reachability.m; sourceTree = "<group>"; };
		983D07181C8A960700D7034B /* DemoBLL.h */ = {isa = PBXFileReference; fileEncoding = 4; lastKnownFileType = sourcecode.c.h; path = DemoBLL.h; sourceTree = "<group>"; };
		983D07191C8A960700D7034B /* DemoBLL.m */ = {isa = PBXFileReference; fileEncoding = 4; lastKnownFileType = sourcecode.c.objc; path = DemoBLL.m; sourceTree = "<group>"; };
		983D071A1C8A960700D7034B /* RequestDemoEnity.h */ = {isa = PBXFileReference; fileEncoding = 4; lastKnownFileType = sourcecode.c.h; path = RequestDemoEnity.h; sourceTree = "<group>"; };
		983D071B1C8A960700D7034B /* RequestDemoEnity.m */ = {isa = PBXFileReference; fileEncoding = 4; lastKnownFileType = sourcecode.c.objc; path = RequestDemoEnity.m; sourceTree = "<group>"; };
		983D071C1C8A960700D7034B /* ResponseDemoEnity.h */ = {isa = PBXFileReference; fileEncoding = 4; lastKnownFileType = sourcecode.c.h; path = ResponseDemoEnity.h; sourceTree = "<group>"; };
		983D071D1C8A960700D7034B /* ResponseDemoEnity.m */ = {isa = PBXFileReference; fileEncoding = 4; lastKnownFileType = sourcecode.c.objc; path = ResponseDemoEnity.m; sourceTree = "<group>"; };
		983D07211C8AAD5900D7034B /* OLiHTTPRequestOperationManager+Download.h */ = {isa = PBXFileReference; fileEncoding = 4; lastKnownFileType = sourcecode.c.h; path = "OLiHTTPRequestOperationManager+Download.h"; sourceTree = "<group>"; };
		983D07221C8AAD5900D7034B /* OLiHTTPRequestOperationManager+Download.m */ = {isa = PBXFileReference; fileEncoding = 4; lastKnownFileType = sourcecode.c.objc; path = "OLiHTTPRequestOperationManager+Download.m"; sourceTree = "<group>"; };
		983D07241C8ABEFD00D7034B /* ResponseDownload.h */ = {isa = PBXFileReference; fileEncoding = 4; lastKnownFileType = sourcecode.c.h; path = ResponseDownload.h; sourceTree = "<group>"; };
		983D07251C8ABEFD00D7034B /* ResponseDownload.m */ = {isa = PBXFileReference; fileEncoding = 4; lastKnownFileType = sourcecode.c.objc; path = ResponseDownload.m; sourceTree = "<group>"; };
		983D07271C8ABF4100D7034B /* RequestDownload.h */ = {isa = PBXFileReference; fileEncoding = 4; lastKnownFileType = sourcecode.c.h; path = RequestDownload.h; sourceTree = "<group>"; };
		983D07281C8ABF4100D7034B /* RequestDownload.m */ = {isa = PBXFileReference; fileEncoding = 4; lastKnownFileType = sourcecode.c.objc; path = RequestDownload.m; sourceTree = "<group>"; };
		983D072A1C8ABF8D00D7034B /* DownloadBLL.h */ = {isa = PBXFileReference; fileEncoding = 4; lastKnownFileType = sourcecode.c.h; path = DownloadBLL.h; sourceTree = "<group>"; };
		983D072B1C8ABF8D00D7034B /* DownloadBLL.m */ = {isa = PBXFileReference; fileEncoding = 4; lastKnownFileType = sourcecode.c.objc; path = DownloadBLL.m; sourceTree = "<group>"; };
		9842913B1CAD0E22004EE44A /* CCWormView.h */ = {isa = PBXFileReference; fileEncoding = 4; lastKnownFileType = sourcecode.c.h; path = CCWormView.h; sourceTree = "<group>"; };
		9842913C1CAD0E22004EE44A /* CCWormView.m */ = {isa = PBXFileReference; fileEncoding = 4; lastKnownFileType = sourcecode.c.objc; path = CCWormView.m; sourceTree = "<group>"; };
		9847B0EC1CA28FFA00D58955 /* OLiBaseBoard.h */ = {isa = PBXFileReference; fileEncoding = 4; lastKnownFileType = sourcecode.c.h; path = OLiBaseBoard.h; sourceTree = "<group>"; };
		9847B0ED1CA28FFA00D58955 /* OLiBaseBoard.m */ = {isa = PBXFileReference; fileEncoding = 4; lastKnownFileType = sourcecode.c.objc; path = OLiBaseBoard.m; sourceTree = "<group>"; };
		9847B0EE1CA28FFA00D58955 /* OLiBaseBoard.xib */ = {isa = PBXFileReference; fileEncoding = 4; lastKnownFileType = file.xib; path = OLiBaseBoard.xib; sourceTree = "<group>"; };
		9847B0F71CA291AE00D58955 /* OLiSectionBoard.h */ = {isa = PBXFileReference; fileEncoding = 4; lastKnownFileType = sourcecode.c.h; path = OLiSectionBoard.h; sourceTree = "<group>"; };
		9847B0F81CA291AE00D58955 /* OLiSectionBoard.m */ = {isa = PBXFileReference; fileEncoding = 4; lastKnownFileType = sourcecode.c.objc; path = OLiSectionBoard.m; sourceTree = "<group>"; };
		9847B0F91CA291AE00D58955 /* OLiSectionBoard.xib */ = {isa = PBXFileReference; fileEncoding = 4; lastKnownFileType = file.xib; path = OLiSectionBoard.xib; sourceTree = "<group>"; };
		9847B0FD1CA2922300D58955 /* OLiTableViewHeaderView.h */ = {isa = PBXFileReference; fileEncoding = 4; lastKnownFileType = sourcecode.c.h; path = OLiTableViewHeaderView.h; sourceTree = "<group>"; };
		9847B0FE1CA2922300D58955 /* OLiTableViewHeaderView.m */ = {isa = PBXFileReference; fileEncoding = 4; lastKnownFileType = sourcecode.c.objc; path = OLiTableViewHeaderView.m; sourceTree = "<group>"; };
		9847B1001CA293C500D58955 /* OLiSectionTableViewCell.h */ = {isa = PBXFileReference; fileEncoding = 4; lastKnownFileType = sourcecode.c.h; path = OLiSectionTableViewCell.h; sourceTree = "<group>"; };
		9847B1011CA293C500D58955 /* OLiSectionTableViewCell.m */ = {isa = PBXFileReference; fileEncoding = 4; lastKnownFileType = sourcecode.c.objc; path = OLiSectionTableViewCell.m; sourceTree = "<group>"; };
		9847B1021CA293C500D58955 /* OLiSectionTableViewCell.xib */ = {isa = PBXFileReference; fileEncoding = 4; lastKnownFileType = file.xib; path = OLiSectionTableViewCell.xib; sourceTree = "<group>"; };
		9847B1051CA29A7800D58955 /* ModelGroups.h */ = {isa = PBXFileReference; fileEncoding = 4; lastKnownFileType = sourcecode.c.h; path = ModelGroups.h; sourceTree = "<group>"; };
		9847B1061CA29A7800D58955 /* ModelGroups.m */ = {isa = PBXFileReference; fileEncoding = 4; lastKnownFileType = sourcecode.c.objc; path = ModelGroups.m; sourceTree = "<group>"; };
		9847B1081CA2A08900D58955 /* list.plist */ = {isa = PBXFileReference; fileEncoding = 4; lastKnownFileType = text.plist.xml; path = list.plist; sourceTree = "<group>"; };
		9847B10A1CA2A39A00D58955 /* OLiIndexBoard.h */ = {isa = PBXFileReference; fileEncoding = 4; lastKnownFileType = sourcecode.c.h; path = OLiIndexBoard.h; sourceTree = "<group>"; };
		9847B10B1CA2A39A00D58955 /* OLiIndexBoard.m */ = {isa = PBXFileReference; fileEncoding = 4; lastKnownFileType = sourcecode.c.objc; path = OLiIndexBoard.m; sourceTree = "<group>"; };
		98871AF91C9E7F0F003F652D /* OLiMeBoard.h */ = {isa = PBXFileReference; fileEncoding = 4; lastKnownFileType = sourcecode.c.h; path = OLiMeBoard.h; sourceTree = "<group>"; };
		98871AFA1C9E7F0F003F652D /* OLiMeBoard.m */ = {isa = PBXFileReference; fileEncoding = 4; lastKnownFileType = sourcecode.c.objc; path = OLiMeBoard.m; sourceTree = "<group>"; };
		98871AFB1C9E7F0F003F652D /* OLiMeBoard.xib */ = {isa = PBXFileReference; fileEncoding = 4; lastKnownFileType = file.xib; path = OLiMeBoard.xib; sourceTree = "<group>"; };
		98871AFF1C9EB6DA003F652D /* HyLoglnButton.h */ = {isa = PBXFileReference; fileEncoding = 4; lastKnownFileType = sourcecode.c.h; path = HyLoglnButton.h; sourceTree = "<group>"; };
		98871B001C9EB6DA003F652D /* HyLoglnButton.m */ = {isa = PBXFileReference; fileEncoding = 4; lastKnownFileType = sourcecode.c.objc; path = HyLoglnButton.m; sourceTree = "<group>"; };
		98871B011C9EB6DA003F652D /* HyTransitions.h */ = {isa = PBXFileReference; fileEncoding = 4; lastKnownFileType = sourcecode.c.h; path = HyTransitions.h; sourceTree = "<group>"; };
		98871B021C9EB6DA003F652D /* HyTransitions.m */ = {isa = PBXFileReference; fileEncoding = 4; lastKnownFileType = sourcecode.c.objc; path = HyTransitions.m; sourceTree = "<group>"; };
		98871B031C9EB6DA003F652D /* SpinerLayer.h */ = {isa = PBXFileReference; fileEncoding = 4; lastKnownFileType = sourcecode.c.h; path = SpinerLayer.h; sourceTree = "<group>"; };
		98871B041C9EB6DA003F652D /* SpinerLayer.m */ = {isa = PBXFileReference; fileEncoding = 4; lastKnownFileType = sourcecode.c.objc; path = SpinerLayer.m; sourceTree = "<group>"; };
		98957A5A1C9AB7A8005F0F16 /* OLiLoginBoard.h */ = {isa = PBXFileReference; fileEncoding = 4; lastKnownFileType = sourcecode.c.h; path = OLiLoginBoard.h; sourceTree = "<group>"; };
		98957A5B1C9AB7A8005F0F16 /* OLiLoginBoard.m */ = {isa = PBXFileReference; fileEncoding = 4; lastKnownFileType = sourcecode.c.objc; path = OLiLoginBoard.m; sourceTree = "<group>"; };
		98957A5D1C9AB7CB005F0F16 /* OLiLoginBoard.xib */ = {isa = PBXFileReference; fileEncoding = 4; lastKnownFileType = file.xib; path = OLiLoginBoard.xib; sourceTree = "<group>"; };
		98B84EB11CA3C44300FECA68 /* OLiToast.h */ = {isa = PBXFileReference; fileEncoding = 4; lastKnownFileType = sourcecode.c.h; path = OLiToast.h; sourceTree = "<group>"; };
		98B84EB21CA3C44300FECA68 /* OLiToast.m */ = {isa = PBXFileReference; fileEncoding = 4; lastKnownFileType = sourcecode.c.objc; path = OLiToast.m; sourceTree = "<group>"; };
		98CB81011CB1E3DF00420EF9 /* OLiSettingBoard.h */ = {isa = PBXFileReference; fileEncoding = 4; lastKnownFileType = sourcecode.c.h; path = OLiSettingBoard.h; sourceTree = "<group>"; };
		98CB81021CB1E3DF00420EF9 /* OLiSettingBoard.m */ = {isa = PBXFileReference; fileEncoding = 4; lastKnownFileType = sourcecode.c.objc; path = OLiSettingBoard.m; sourceTree = "<group>"; };
		98CB81031CB1E3DF00420EF9 /* OLiSettingBoard.xib */ = {isa = PBXFileReference; fileEncoding = 4; lastKnownFileType = file.xib; path = OLiSettingBoard.xib; sourceTree = "<group>"; };
		98CB81061CB1E3FA00420EF9 /* OLiWebBoard.h */ = {isa = PBXFileReference; fileEncoding = 4; lastKnownFileType = sourcecode.c.h; path = OLiWebBoard.h; sourceTree = "<group>"; };
		98CB81071CB1E3FA00420EF9 /* OLiWebBoard.m */ = {isa = PBXFileReference; fileEncoding = 4; lastKnownFileType = sourcecode.c.objc; path = OLiWebBoard.m; sourceTree = "<group>"; };
		98CB81081CB1E3FA00420EF9 /* OLiWebBoard.xib */ = {isa = PBXFileReference; fileEncoding = 4; lastKnownFileType = file.xib; path = OLiWebBoard.xib; sourceTree = "<group>"; };
		98CB810C1CB1EBE800420EF9 /* UINavigationController+FDFullscreenPopGesture.h */ = {isa = PBXFileReference; fileEncoding = 4; lastKnownFileType = sourcecode.c.h; path = "UINavigationController+FDFullscreenPopGesture.h"; sourceTree = "<group>"; };
		98CB810D1CB1EBE800420EF9 /* UINavigationController+FDFullscreenPopGesture.m */ = {isa = PBXFileReference; fileEncoding = 4; lastKnownFileType = sourcecode.c.objc; path = "UINavigationController+FDFullscreenPopGesture.m"; sourceTree = "<group>"; };
		98CC6EC11CA3A82D0003CFB5 /* page2@2x.png */ = {isa = PBXFileReference; lastKnownFileType = image.png; path = "page2@2x.png"; sourceTree = "<group>"; };
		98CC6EC21CA3A82D0003CFB5 /* page1@2x.png */ = {isa = PBXFileReference; lastKnownFileType = image.png; path = "page1@2x.png"; sourceTree = "<group>"; };
		98CC6EC31CA3A82D0003CFB5 /* page4@2x.png */ = {isa = PBXFileReference; lastKnownFileType = image.png; path = "page4@2x.png"; sourceTree = "<group>"; };
		98CC6EC41CA3A82D0003CFB5 /* page0@2x.png */ = {isa = PBXFileReference; lastKnownFileType = image.png; path = "page0@2x.png"; sourceTree = "<group>"; };
		98CC6EC51CA3A82D0003CFB5 /* page3@2x.png */ = {isa = PBXFileReference; lastKnownFileType = image.png; path = "page3@2x.png"; sourceTree = "<group>"; };
		98E6A63F1C9EDA47005A7D58 /* NextViewController.h */ = {isa = PBXFileReference; fileEncoding = 4; lastKnownFileType = sourcecode.c.h; path = NextViewController.h; sourceTree = "<group>"; };
		98E6A6401C9EDA47005A7D58 /* NextViewController.m */ = {isa = PBXFileReference; fileEncoding = 4; lastKnownFileType = sourcecode.c.objc; path = NextViewController.m; sourceTree = "<group>"; };
		98E6A6411C9EDA47005A7D58 /* NextViewController.xib */ = {isa = PBXFileReference; fileEncoding = 4; lastKnownFileType = file.xib; path = NextViewController.xib; sourceTree = "<group>"; };
		98EC10E81CCF12680011781B /* backItemImage@2x.png */ = {isa = PBXFileReference; lastKnownFileType = image.png; path = "backItemImage@2x.png"; sourceTree = "<group>"; };
		98EC10E91CCF12680011781B /* backItemImage_hl@2x.png */ = {isa = PBXFileReference; lastKnownFileType = image.png; path = "backItemImage_hl@2x.png"; sourceTree = "<group>"; };
		98EC10F91CCF12E60011781B /* OLiWebViewNavigationViewController.h */ = {isa = PBXFileReference; fileEncoding = 4; lastKnownFileType = sourcecode.c.h; path = OLiWebViewNavigationViewController.h; sourceTree = "<group>"; };
		98EC10FA1CCF12E60011781B /* OLiWebViewNavigationViewController.m */ = {isa = PBXFileReference; fileEncoding = 4; lastKnownFileType = sourcecode.c.objc; path = OLiWebViewNavigationViewController.m; sourceTree = "<group>"; };
		98EC10FC1CCF141E0011781B /* OLiWebViewController.h */ = {isa = PBXFileReference; fileEncoding = 4; lastKnownFileType = sourcecode.c.h; path = OLiWebViewController.h; sourceTree = "<group>"; };
		98EC10FD1CCF141E0011781B /* OLiWebViewController.m */ = {isa = PBXFileReference; fileEncoding = 4; lastKnownFileType = sourcecode.c.objc; path = OLiWebViewController.m; sourceTree = "<group>"; };
		98EC10FF1CCF33090011781B /* RxWebViewController.h */ = {isa = PBXFileReference; fileEncoding = 4; lastKnownFileType = sourcecode.c.h; path = RxWebViewController.h; sourceTree = "<group>"; };
		98EC11001CCF33090011781B /* RxWebViewController.m */ = {isa = PBXFileReference; fileEncoding = 4; lastKnownFileType = sourcecode.c.objc; path = RxWebViewController.m; sourceTree = "<group>"; };
		98EC11011CCF33090011781B /* RxWebViewNavigationViewController.h */ = {isa = PBXFileReference; fileEncoding = 4; lastKnownFileType = sourcecode.c.h; path = RxWebViewNavigationViewController.h; sourceTree = "<group>"; };
		98EC11021CCF33090011781B /* RxWebViewNavigationViewController.m */ = {isa = PBXFileReference; fileEncoding = 4; lastKnownFileType = sourcecode.c.objc; path = RxWebViewNavigationViewController.m; sourceTree = "<group>"; };
		98FD42781CA3909200282443 /* OLiQuestionBoard.h */ = {isa = PBXFileReference; fileEncoding = 4; lastKnownFileType = sourcecode.c.h; path = OLiQuestionBoard.h; sourceTree = "<group>"; };
		98FD42791CA3909200282443 /* OLiQuestionBoard.m */ = {isa = PBXFileReference; fileEncoding = 4; lastKnownFileType = sourcecode.c.objc; path = OLiQuestionBoard.m; sourceTree = "<group>"; };
		98FD427A1CA3909200282443 /* OLiQuestionBoard.xib */ = {isa = PBXFileReference; fileEncoding = 4; lastKnownFileType = file.xib; path = OLiQuestionBoard.xib; sourceTree = "<group>"; };
		98FD427E1CA390AB00282443 /* iCarousel.h */ = {isa = PBXFileReference; fileEncoding = 4; lastKnownFileType = sourcecode.c.h; path = iCarousel.h; sourceTree = "<group>"; };
		98FD427F1CA390AB00282443 /* iCarousel.m */ = {isa = PBXFileReference; fileEncoding = 4; lastKnownFileType = sourcecode.c.objc; path = iCarousel.m; sourceTree = "<group>"; };
		98FD42821CA39C6F00282443 /* OLiQuestionView.h */ = {isa = PBXFileReference; fileEncoding = 4; lastKnownFileType = sourcecode.c.h; path = OLiQuestionView.h; sourceTree = "<group>"; };
		98FD42831CA39C6F00282443 /* OLiQuestionView.m */ = {isa = PBXFileReference; fileEncoding = 4; lastKnownFileType = sourcecode.c.objc; path = OLiQuestionView.m; sourceTree = "<group>"; };
/* End PBXFileReference section */

/* Begin PBXFrameworksBuildPhase section */
		983D06501C8A7B0400D7034B /* Frameworks */ = {
			isa = PBXFrameworksBuildPhase;
			buildActionMask = 2147483647;
			files = (
			);
			runOnlyForDeploymentPostprocessing = 0;
		};
/* End PBXFrameworksBuildPhase section */

/* Begin PBXGroup section */
		983D064A1C8A7B0400D7034B = {
			isa = PBXGroup;
			children = (
				983D06551C8A7B0400D7034B /* OLi */,
				983D06541C8A7B0400D7034B /* Products */,
			);
			sourceTree = "<group>";
		};
		983D06541C8A7B0400D7034B /* Products */ = {
			isa = PBXGroup;
			children = (
				983D06531C8A7B0400D7034B /* OLi.app */,
			);
			name = Products;
			sourceTree = "<group>";
		};
		983D06551C8A7B0400D7034B /* OLi */ = {
			isa = PBXGroup;
			children = (
				983D06621C8A7B0400D7034B /* Assets.xcassets */,
				9847B0E81CA28F2C00D58955 /* OLiUIKit */,
				983D068C1C8A7F8800D7034B /* Boards */,
				983D068E1C8A7F8800D7034B /* Public */,
				983D068D1C8A7F8800D7034B /* OLiTools */,
				983D06911C8A7F8800D7034B /* Resources */,
				983D06941C8A7F8800D7034B /* Third */,
			);
			path = OLi;
			sourceTree = "<group>";
		};
		983D068C1C8A7F8800D7034B /* Boards */ = {
			isa = PBXGroup;
			children = (
				98FD42771CA38FAA00282443 /* Question */,
				9847B0E71CA28EC700D58955 /* Section */,
				98871AF81C9E7E87003F652D /* Mine */,
				98957A531C9AB74B005F0F16 /* Login&Register */,
				983D06A71C8A81FD00D7034B /* OLiHomeBoard.h */,
				983D06A81C8A81FD00D7034B /* OLiHomeBoard.m */,
				983D06A91C8A81FD00D7034B /* OLiHomeBoard.xib */,
				98E6A63F1C9EDA47005A7D58 /* NextViewController.h */,
				98E6A6401C9EDA47005A7D58 /* NextViewController.m */,
				98E6A6411C9EDA47005A7D58 /* NextViewController.xib */,
				983D07181C8A960700D7034B /* DemoBLL.h */,
				983D07191C8A960700D7034B /* DemoBLL.m */,
				983D071A1C8A960700D7034B /* RequestDemoEnity.h */,
				983D071B1C8A960700D7034B /* RequestDemoEnity.m */,
				983D071C1C8A960700D7034B /* ResponseDemoEnity.h */,
				983D071D1C8A960700D7034B /* ResponseDemoEnity.m */,
				983D07241C8ABEFD00D7034B /* ResponseDownload.h */,
				983D07251C8ABEFD00D7034B /* ResponseDownload.m */,
				983D07271C8ABF4100D7034B /* RequestDownload.h */,
				983D07281C8ABF4100D7034B /* RequestDownload.m */,
				983D072A1C8ABF8D00D7034B /* DownloadBLL.h */,
				983D072B1C8ABF8D00D7034B /* DownloadBLL.m */,
			);
			path = Boards;
			sourceTree = "<group>";
		};
		983D068D1C8A7F8800D7034B /* OLiTools */ = {
			isa = PBXGroup;
			children = (
				98B84EB01CA3C3D100FECA68 /* OLiToast */,
				983D06AD1C8A915C00D7034B /* OLiNetEngine */,
			);
			path = OLiTools;
			sourceTree = "<group>";
		};
		983D068E1C8A7F8800D7034B /* Public */ = {
			isa = PBXGroup;
			children = (
				983D068F1C8A7F8800D7034B /* OLiAppDelegate.h */,
				983D06901C8A7F8800D7034B /* OLiAppDelegate.m */,
				9847B10A1CA2A39A00D58955 /* OLiIndexBoard.h */,
				9847B10B1CA2A39A00D58955 /* OLiIndexBoard.m */,
			);
			path = Public;
			sourceTree = "<group>";
		};
		983D06911C8A7F8800D7034B /* Resources */ = {
			isa = PBXGroup;
			children = (
				983D06921C8A7F8800D7034B /* Info.plist */,
				983D06931C8A7F8800D7034B /* main.m */,
			);
			path = Resources;
			sourceTree = "<group>";
		};
		983D06941C8A7F8800D7034B /* Third */ = {
			isa = PBXGroup;
			children = (
				98EC10E71CCF12680011781B /* RxWebViewController */,
				98CB810B1CB1EBE800420EF9 /* FDFullscreenPopGesture */,
				9842913A1CAD0E22004EE44A /* HUD */,
				98FD427D1CA390AB00282443 /* iCarousel */,
				98871AFE1C9EB6DA003F652D /* HySubmitTransition */,
			);
			path = Third;
			sourceTree = "<group>";
		};
		983D06AD1C8A915C00D7034B /* OLiNetEngine */ = {
			isa = PBXGroup;
			children = (
				983D06AE1C8A915C00D7034B /* Category */,
				983D06B31C8A915C00D7034B /* OLiHTTPRequestOperationManager.h */,
				983D06B41C8A915C00D7034B /* OLiHTTPRequestOperationManager.m */,
				983D07211C8AAD5900D7034B /* OLiHTTPRequestOperationManager+Download.h */,
				983D07221C8AAD5900D7034B /* OLiHTTPRequestOperationManager+Download.m */,
				983D06B51C8A915C00D7034B /* OLiNetEngine.h */,
				983D06B61C8A915C00D7034B /* OLiNetEngine.m */,
				983D06B71C8A915C00D7034B /* OLiNetError.h */,
				983D06B81C8A915C00D7034B /* OLiNetError.m */,
				983D06B91C8A915C00D7034B /* OLiRequestObject.h */,
				983D06BA1C8A915C00D7034B /* OLiRequestObject.m */,
				983D06BB1C8A915C00D7034B /* OLiRequestObjectDelegate.h */,
				983D06BC1C8A915C00D7034B /* Public */,
				983D06C31C8A915C00D7034B /* Third */,
			);
			path = OLiNetEngine;
			sourceTree = "<group>";
		};
		983D06AE1C8A915C00D7034B /* Category */ = {
			isa = PBXGroup;
			children = (
				983D06AF1C8A915C00D7034B /* NSObject+OLiNetEngine.h */,
				983D06B01C8A915C00D7034B /* NSObject+OLiNetEngine.m */,
				983D06B11C8A915C00D7034B /* NSString+PublicEncrypt.h */,
				983D06B21C8A915C00D7034B /* NSString+PublicEncrypt.m */,
			);
			path = Category;
			sourceTree = "<group>";
		};
		983D06BC1C8A915C00D7034B /* Public */ = {
			isa = PBXGroup;
			children = (
				983D06BD1C8A915C00D7034B /* OLiNetEngineSetting+OLiNetEngine.h */,
				983D06BE1C8A915C00D7034B /* OLiNetEngineSetting+OLiNetEngine.m */,
				983D06BF1C8A915C00D7034B /* OLiNetEngineSetting.h */,
				983D06C01C8A915C00D7034B /* OLiNetEngineSetting.m */,
				983D06C11C8A915C00D7034B /* OLiRequestObject+InterfaceURLType.h */,
				983D06C21C8A915C00D7034B /* OLiRequestObject+InterfaceURLType.m */,
			);
			path = Public;
			sourceTree = "<group>";
		};
		983D06C31C8A915C00D7034B /* Third */ = {
			isa = PBXGroup;
			children = (
				983D06C41C8A915C00D7034B /* AFN */,
				983D06EB1C8A915C00D7034B /* Base64 */,
				983D06EF1C8A915C00D7034B /* Cryptograph */,
				983D06F61C8A915C00D7034B /* Reachability */,
			);
			path = Third;
			sourceTree = "<group>";
		};
		983D06C41C8A915C00D7034B /* AFN */ = {
			isa = PBXGroup;
			children = (
				983D06C51C8A915C00D7034B /* AFNetworking */,
			);
			path = AFN;
			sourceTree = "<group>";
		};
		983D06C51C8A915C00D7034B /* AFNetworking */ = {
			isa = PBXGroup;
			children = (
				983D06C61C8A915C00D7034B /* AFHTTPRequestOperation.h */,
				983D06C71C8A915C00D7034B /* AFHTTPRequestOperation.m */,
				983D06C81C8A915C00D7034B /* AFHTTPRequestOperationManager.h */,
				983D06C91C8A915C00D7034B /* AFHTTPRequestOperationManager.m */,
				983D06CA1C8A915C00D7034B /* AFHTTPSessionManager.h */,
				983D06CB1C8A915C00D7034B /* AFHTTPSessionManager.m */,
				983D06CC1C8A915C00D7034B /* AFNetworking.h */,
				983D06CD1C8A915C00D7034B /* AFNetworkReachabilityManager.h */,
				983D06CE1C8A915C00D7034B /* AFNetworkReachabilityManager.m */,
				983D06CF1C8A915C00D7034B /* AFSecurityPolicy.h */,
				983D06D01C8A915C00D7034B /* AFSecurityPolicy.m */,
				983D06D11C8A915C00D7034B /* AFURLConnectionOperation.h */,
				983D06D21C8A915C00D7034B /* AFURLConnectionOperation.m */,
				983D06D31C8A915C00D7034B /* AFURLRequestSerialization.h */,
				983D06D41C8A915C00D7034B /* AFURLRequestSerialization.m */,
				983D06D51C8A915C00D7034B /* AFURLResponseSerialization.h */,
				983D06D61C8A915C00D7034B /* AFURLResponseSerialization.m */,
				983D06D71C8A915C00D7034B /* AFURLSessionManager.h */,
				983D06D81C8A915C00D7034B /* AFURLSessionManager.m */,
			);
			path = AFNetworking;
			sourceTree = "<group>";
		};
		983D06EB1C8A915C00D7034B /* Base64 */ = {
			isa = PBXGroup;
			children = (
				983D06EC1C8A915C00D7034B /* GTMBase64.h */,
				983D06ED1C8A915C00D7034B /* GTMBase64.m */,
				983D06EE1C8A915C00D7034B /* GTMDefines.h */,
			);
			path = Base64;
			sourceTree = "<group>";
		};
		983D06EF1C8A915C00D7034B /* Cryptograph */ = {
			isa = PBXGroup;
			children = (
				983D06F01C8A915C00D7034B /* NSData-AES.h */,
				983D06F11C8A915C00D7034B /* NSData-AES.m */,
				983D06F21C8A915C00D7034B /* RC4.c */,
				983D06F31C8A915C00D7034B /* RC4.h */,
				983D06F41C8A915C00D7034B /* rijndael.c */,
				983D06F51C8A915C00D7034B /* rijndael.h */,
			);
			path = Cryptograph;
			sourceTree = "<group>";
		};
		983D06F61C8A915C00D7034B /* Reachability */ = {
			isa = PBXGroup;
			children = (
				983D06F71C8A915C00D7034B /* Reachability.h */,
				983D06F81C8A915C00D7034B /* Reachability.m */,
			);
			path = Reachability;
			sourceTree = "<group>";
		};
		9842913A1CAD0E22004EE44A /* HUD */ = {
			isa = PBXGroup;
			children = (
				9842913B1CAD0E22004EE44A /* CCWormView.h */,
				9842913C1CAD0E22004EE44A /* CCWormView.m */,
			);
			path = HUD;
			sourceTree = "<group>";
		};
		9847B0E71CA28EC700D58955 /* Section */ = {
			isa = PBXGroup;
			children = (
				9847B0F61CA291AE00D58955 /* Boards */,
				9847B0FA1CA291AE00D58955 /* Cell */,
			);
			path = Section;
			sourceTree = "<group>";
		};
		9847B0E81CA28F2C00D58955 /* OLiUIKit */ = {
			isa = PBXGroup;
			children = (
				9847B0EA1CA28FD000D58955 /* OLiRouterBoard */,
				9847B0EB1CA28FD000D58955 /* OLiStackBoard */,
				9847B0E91CA28F7800D58955 /* OLiBaseBoard */,
			);
			path = OLiUIKit;
			sourceTree = "<group>";
		};
		9847B0E91CA28F7800D58955 /* OLiBaseBoard */ = {
			isa = PBXGroup;
			children = (
				9847B0EC1CA28FFA00D58955 /* OLiBaseBoard.h */,
				9847B0ED1CA28FFA00D58955 /* OLiBaseBoard.m */,
				9847B0EE1CA28FFA00D58955 /* OLiBaseBoard.xib */,
				98EC10FC1CCF141E0011781B /* OLiWebViewController.h */,
				98EC10FD1CCF141E0011781B /* OLiWebViewController.m */,
			);
			path = OLiBaseBoard;
			sourceTree = "<group>";
		};
		9847B0EA1CA28FD000D58955 /* OLiRouterBoard */ = {
			isa = PBXGroup;
			children = (
			);
			path = OLiRouterBoard;
			sourceTree = "<group>";
		};
		9847B0EB1CA28FD000D58955 /* OLiStackBoard */ = {
			isa = PBXGroup;
			children = (
				98EC10F91CCF12E60011781B /* OLiWebViewNavigationViewController.h */,
				98EC10FA1CCF12E60011781B /* OLiWebViewNavigationViewController.m */,
			);
			path = OLiStackBoard;
			sourceTree = "<group>";
		};
		9847B0F61CA291AE00D58955 /* Boards */ = {
			isa = PBXGroup;
			children = (
				9847B1081CA2A08900D58955 /* list.plist */,
				9847B0F71CA291AE00D58955 /* OLiSectionBoard.h */,
				9847B0F81CA291AE00D58955 /* OLiSectionBoard.m */,
				9847B0F91CA291AE00D58955 /* OLiSectionBoard.xib */,
			);
			path = Boards;
			sourceTree = "<group>";
		};
		9847B0FA1CA291AE00D58955 /* Cell */ = {
			isa = PBXGroup;
			children = (
				9847B0FD1CA2922300D58955 /* OLiTableViewHeaderView.h */,
				9847B0FE1CA2922300D58955 /* OLiTableViewHeaderView.m */,
				9847B1001CA293C500D58955 /* OLiSectionTableViewCell.h */,
				9847B1011CA293C500D58955 /* OLiSectionTableViewCell.m */,
				9847B1021CA293C500D58955 /* OLiSectionTableViewCell.xib */,
				9847B1051CA29A7800D58955 /* ModelGroups.h */,
				9847B1061CA29A7800D58955 /* ModelGroups.m */,
			);
			path = Cell;
			sourceTree = "<group>";
		};
		98871AF81C9E7E87003F652D /* Mine */ = {
			isa = PBXGroup;
			children = (
				98871AF91C9E7F0F003F652D /* OLiMeBoard.h */,
				98871AFA1C9E7F0F003F652D /* OLiMeBoard.m */,
				98871AFB1C9E7F0F003F652D /* OLiMeBoard.xib */,
				98CB81011CB1E3DF00420EF9 /* OLiSettingBoard.h */,
				98CB81021CB1E3DF00420EF9 /* OLiSettingBoard.m */,
				98CB81031CB1E3DF00420EF9 /* OLiSettingBoard.xib */,
				98CB81061CB1E3FA00420EF9 /* OLiWebBoard.h */,
				98CB81071CB1E3FA00420EF9 /* OLiWebBoard.m */,
				98CB81081CB1E3FA00420EF9 /* OLiWebBoard.xib */,
			);
			path = Mine;
			sourceTree = "<group>";
		};
		98871AFE1C9EB6DA003F652D /* HySubmitTransition */ = {
			isa = PBXGroup;
			children = (
				98871AFF1C9EB6DA003F652D /* HyLoglnButton.h */,
				98871B001C9EB6DA003F652D /* HyLoglnButton.m */,
				98871B011C9EB6DA003F652D /* HyTransitions.h */,
				98871B021C9EB6DA003F652D /* HyTransitions.m */,
				98871B031C9EB6DA003F652D /* SpinerLayer.h */,
				98871B041C9EB6DA003F652D /* SpinerLayer.m */,
			);
			path = HySubmitTransition;
			sourceTree = "<group>";
		};
		98957A531C9AB74B005F0F16 /* Login&Register */ = {
			isa = PBXGroup;
			children = (
				98957A5A1C9AB7A8005F0F16 /* OLiLoginBoard.h */,
				98957A5B1C9AB7A8005F0F16 /* OLiLoginBoard.m */,
				98957A5D1C9AB7CB005F0F16 /* OLiLoginBoard.xib */,
			);
			path = "Login&Register";
			sourceTree = "<group>";
		};
		98B84EB01CA3C3D100FECA68 /* OLiToast */ = {
			isa = PBXGroup;
			children = (
				98B84EB11CA3C44300FECA68 /* OLiToast.h */,
				98B84EB21CA3C44300FECA68 /* OLiToast.m */,
			);
			path = OLiToast;
			sourceTree = "<group>";
		};
		98CB810B1CB1EBE800420EF9 /* FDFullscreenPopGesture */ = {
			isa = PBXGroup;
			children = (
				98CB810C1CB1EBE800420EF9 /* UINavigationController+FDFullscreenPopGesture.h */,
				98CB810D1CB1EBE800420EF9 /* UINavigationController+FDFullscreenPopGesture.m */,
			);
			path = FDFullscreenPopGesture;
			sourceTree = "<group>";
		};
		98EC10E71CCF12680011781B /* RxWebViewController */ = {
			isa = PBXGroup;
			children = (
				98EC10FF1CCF33090011781B /* RxWebViewController.h */,
				98EC11001CCF33090011781B /* RxWebViewController.m */,
				98EC11011CCF33090011781B /* RxWebViewNavigationViewController.h */,
				98EC11021CCF33090011781B /* RxWebViewNavigationViewController.m */,
				98EC10E81CCF12680011781B /* backItemImage@2x.png */,
				98EC10E91CCF12680011781B /* backItemImage_hl@2x.png */,
			);
			path = RxWebViewController;
			sourceTree = "<group>";
		};
		98FD42771CA38FAA00282443 /* Question */ = {
			isa = PBXGroup;
			children = (
				98FD42811CA39B9100282443 /* OLiQuestionView */,
				98FD42781CA3909200282443 /* OLiQuestionBoard.h */,
				98FD42791CA3909200282443 /* OLiQuestionBoard.m */,
				98FD427A1CA3909200282443 /* OLiQuestionBoard.xib */,
				98CC6EC11CA3A82D0003CFB5 /* page2@2x.png */,
				98CC6EC21CA3A82D0003CFB5 /* page1@2x.png */,
				98CC6EC31CA3A82D0003CFB5 /* page4@2x.png */,
				98CC6EC41CA3A82D0003CFB5 /* page0@2x.png */,
				98CC6EC51CA3A82D0003CFB5 /* page3@2x.png */,
			);
			path = Question;
			sourceTree = "<group>";
		};
		98FD427D1CA390AB00282443 /* iCarousel */ = {
			isa = PBXGroup;
			children = (
				98FD427E1CA390AB00282443 /* iCarousel.h */,
				98FD427F1CA390AB00282443 /* iCarousel.m */,
			);
			path = iCarousel;
			sourceTree = "<group>";
		};
		98FD42811CA39B9100282443 /* OLiQuestionView */ = {
			isa = PBXGroup;
			children = (
				98FD42821CA39C6F00282443 /* OLiQuestionView.h */,
				98FD42831CA39C6F00282443 /* OLiQuestionView.m */,
			);
			path = OLiQuestionView;
			sourceTree = "<group>";
		};
/* End PBXGroup section */

/* Begin PBXNativeTarget section */
		983D06521C8A7B0400D7034B /* OLi */ = {
			isa = PBXNativeTarget;
			buildConfigurationList = 983D06801C8A7B0500D7034B /* Build configuration list for PBXNativeTarget "OLi" */;
			buildPhases = (
				983D064F1C8A7B0400D7034B /* Sources */,
				983D06501C8A7B0400D7034B /* Frameworks */,
				983D06511C8A7B0400D7034B /* Resources */,
			);
			buildRules = (
			);
			dependencies = (
			);
			name = OLi;
			productName = OLi;
			productReference = 983D06531C8A7B0400D7034B /* OLi.app */;
			productType = "com.apple.product-type.application";
		};
/* End PBXNativeTarget section */

/* Begin PBXProject section */
		983D064B1C8A7B0400D7034B /* Project object */ = {
			isa = PBXProject;
			attributes = {
				LastUpgradeCheck = 0720;
				ORGANIZATIONNAME = "王建雨";
				TargetAttributes = {
					983D06521C8A7B0400D7034B = {
						CreatedOnToolsVersion = 7.2.1;
						DevelopmentTeam = RQRT8YB6B5;
					};
				};
			};
			buildConfigurationList = 983D064E1C8A7B0400D7034B /* Build configuration list for PBXProject "OLi" */;
			compatibilityVersion = "Xcode 3.2";
			developmentRegion = English;
			hasScannedForEncodings = 0;
			knownRegions = (
				en,
				Base,
			);
			mainGroup = 983D064A1C8A7B0400D7034B;
			productRefGroup = 983D06541C8A7B0400D7034B /* Products */;
			projectDirPath = "";
			projectRoot = "";
			targets = (
				983D06521C8A7B0400D7034B /* OLi */,
			);
		};
/* End PBXProject section */

/* Begin PBXResourcesBuildPhase section */
		983D06511C8A7B0400D7034B /* Resources */ = {
			isa = PBXResourcesBuildPhase;
			buildActionMask = 2147483647;
			files = (
				98CC6EC61CA3A82D0003CFB5 /* page2@2x.png in Resources */,
				98EC10F41CCF12680011781B /* backItemImage_hl@2x.png in Resources */,
				98CB810A1CB1E3FA00420EF9 /* OLiWebBoard.xib in Resources */,
				98CC6EC91CA3A82D0003CFB5 /* page0@2x.png in Resources */,
				98CC6EC71CA3A82D0003CFB5 /* page1@2x.png in Resources */,
				9847B1041CA293C500D58955 /* OLiSectionTableViewCell.xib in Resources */,
				98FD427C1CA3909200282443 /* OLiQuestionBoard.xib in Resources */,
				98871AFD1C9E7F0F003F652D /* OLiMeBoard.xib in Resources */,
				9847B0F01CA28FFA00D58955 /* OLiBaseBoard.xib in Resources */,
				98EC10F31CCF12680011781B /* backItemImage@2x.png in Resources */,
				98CC6EC81CA3A82D0003CFB5 /* page4@2x.png in Resources */,
				983D06AB1C8A81FD00D7034B /* OLiHomeBoard.xib in Resources */,
				98CC6ECA1CA3A82D0003CFB5 /* page3@2x.png in Resources */,
				98E6A6431C9EDA47005A7D58 /* NextViewController.xib in Resources */,
				9847B0FC1CA291AE00D58955 /* OLiSectionBoard.xib in Resources */,
				983D06631C8A7B0400D7034B /* Assets.xcassets in Resources */,
				9847B1091CA2A08900D58955 /* list.plist in Resources */,
				98CB81051CB1E3DF00420EF9 /* OLiSettingBoard.xib in Resources */,
				98957A5E1C9AB7CB005F0F16 /* OLiLoginBoard.xib in Resources */,
			);
			runOnlyForDeploymentPostprocessing = 0;
		};
/* End PBXResourcesBuildPhase section */

/* Begin PBXSourcesBuildPhase section */
		983D064F1C8A7B0400D7034B /* Sources */ = {
			isa = PBXSourcesBuildPhase;
			buildActionMask = 2147483647;
			files = (
				983D07151C8A915C00D7034B /* RC4.c in Sources */,
				983D07161C8A915C00D7034B /* rijndael.c in Sources */,
				983D06FA1C8A915C00D7034B /* NSString+PublicEncrypt.m in Sources */,
				983D06FD1C8A915C00D7034B /* OLiNetError.m in Sources */,
				983D07031C8A915C00D7034B /* AFHTTPRequestOperationManager.m in Sources */,
				9847B0FB1CA291AE00D58955 /* OLiSectionBoard.m in Sources */,
				9847B0FF1CA2922300D58955 /* OLiTableViewHeaderView.m in Sources */,
				98FD427B1CA3909200282443 /* OLiQuestionBoard.m in Sources */,
				9847B0EF1CA28FFA00D58955 /* OLiBaseBoard.m in Sources */,
				98E6A6421C9EDA47005A7D58 /* NextViewController.m in Sources */,
				983D07291C8ABF4100D7034B /* RequestDownload.m in Sources */,
				983D07071C8A915C00D7034B /* AFURLConnectionOperation.m in Sources */,
				983D07231C8AAD5900D7034B /* OLiHTTPRequestOperationManager+Download.m in Sources */,
				983D07141C8A915C00D7034B /* NSData-AES.m in Sources */,
				98FD42801CA390AB00282443 /* iCarousel.m in Sources */,
				98EC11031CCF33090011781B /* RxWebViewController.m in Sources */,
				983D07011C8A915C00D7034B /* OLiRequestObject+InterfaceURLType.m in Sources */,
				983D06FE1C8A915C00D7034B /* OLiRequestObject.m in Sources */,
				9847B1031CA293C500D58955 /* OLiSectionTableViewCell.m in Sources */,
				98EC11041CCF33090011781B /* RxWebViewNavigationViewController.m in Sources */,
				983D07081C8A915C00D7034B /* AFURLRequestSerialization.m in Sources */,
				98FD42841CA39C6F00282443 /* OLiQuestionView.m in Sources */,
				983D07201C8A960700D7034B /* ResponseDemoEnity.m in Sources */,
				983D06FC1C8A915C00D7034B /* OLiNetEngine.m in Sources */,
				983D07041C8A915C00D7034B /* AFHTTPSessionManager.m in Sources */,
				98CB81041CB1E3DF00420EF9 /* OLiSettingBoard.m in Sources */,
				9842913D1CAD0E22004EE44A /* CCWormView.m in Sources */,
				983D07021C8A915C00D7034B /* AFHTTPRequestOperation.m in Sources */,
				983D06F91C8A915C00D7034B /* NSObject+OLiNetEngine.m in Sources */,
				98B84EB31CA3C44300FECA68 /* OLiToast.m in Sources */,
				983D071E1C8A960700D7034B /* DemoBLL.m in Sources */,
				983D071F1C8A960700D7034B /* RequestDemoEnity.m in Sources */,
				98EC10FB1CCF12E60011781B /* OLiWebViewNavigationViewController.m in Sources */,
				983D072C1C8ABF8D00D7034B /* DownloadBLL.m in Sources */,
				983D07061C8A915C00D7034B /* AFSecurityPolicy.m in Sources */,
				983D07261C8ABEFD00D7034B /* ResponseDownload.m in Sources */,
				983D07131C8A915C00D7034B /* GTMBase64.m in Sources */,
				983D06971C8A7F8800D7034B /* main.m in Sources */,
				98871AFC1C9E7F0F003F652D /* OLiMeBoard.m in Sources */,
				983D07171C8A915C00D7034B /* Reachability.m in Sources */,
				983D07051C8A915C00D7034B /* AFNetworkReachabilityManager.m in Sources */,
				9847B10C1CA2A39A00D58955 /* OLiIndexBoard.m in Sources */,
				98957A5C1C9AB7A8005F0F16 /* OLiLoginBoard.m in Sources */,
				98EC10FE1CCF141E0011781B /* OLiWebViewController.m in Sources */,
				983D070A1C8A915C00D7034B /* AFURLSessionManager.m in Sources */,
				983D07001C8A915C00D7034B /* OLiNetEngineSetting.m in Sources */,
				98871B061C9EB6DA003F652D /* HyTransitions.m in Sources */,
				98871B071C9EB6DA003F652D /* SpinerLayer.m in Sources */,
				983D06AA1C8A81FD00D7034B /* OLiHomeBoard.m in Sources */,
				983D06FF1C8A915C00D7034B /* OLiNetEngineSetting+OLiNetEngine.m in Sources */,
				98871B051C9EB6DA003F652D /* HyLoglnButton.m in Sources */,
				983D06951C8A7F8800D7034B /* OLiAppDelegate.m in Sources */,
				9847B1071CA29A7800D58955 /* ModelGroups.m in Sources */,
				983D07091C8A915C00D7034B /* AFURLResponseSerialization.m in Sources */,
				98CB81091CB1E3FA00420EF9 /* OLiWebBoard.m in Sources */,
				98CB810E1CB1EBE800420EF9 /* UINavigationController+FDFullscreenPopGesture.m in Sources */,
				983D06FB1C8A915C00D7034B /* OLiHTTPRequestOperationManager.m in Sources */,
			);
			runOnlyForDeploymentPostprocessing = 0;
		};
/* End PBXSourcesBuildPhase section */

/* Begin XCBuildConfiguration section */
		983D067E1C8A7B0500D7034B /* Debug */ = {
			isa = XCBuildConfiguration;
			buildSettings = {
				ALWAYS_SEARCH_USER_PATHS = NO;
				CLANG_CXX_LANGUAGE_STANDARD = "gnu++0x";
				CLANG_CXX_LIBRARY = "libc++";
				CLANG_ENABLE_MODULES = YES;
				CLANG_ENABLE_OBJC_ARC = YES;
				CLANG_WARN_BOOL_CONVERSION = YES;
				CLANG_WARN_CONSTANT_CONVERSION = YES;
				CLANG_WARN_DIRECT_OBJC_ISA_USAGE = YES_ERROR;
				CLANG_WARN_EMPTY_BODY = YES;
				CLANG_WARN_ENUM_CONVERSION = YES;
				CLANG_WARN_INT_CONVERSION = YES;
				CLANG_WARN_OBJC_ROOT_CLASS = YES_ERROR;
				CLANG_WARN_UNREACHABLE_CODE = YES;
				CLANG_WARN__DUPLICATE_METHOD_MATCH = YES;
				"CODE_SIGN_IDENTITY[sdk=iphoneos*]" = "iPhone Developer";
				COPY_PHASE_STRIP = NO;
				DEBUG_INFORMATION_FORMAT = dwarf;
				ENABLE_STRICT_OBJC_MSGSEND = YES;
				ENABLE_TESTABILITY = YES;
				GCC_C_LANGUAGE_STANDARD = gnu99;
				GCC_DYNAMIC_NO_PIC = NO;
				GCC_NO_COMMON_BLOCKS = YES;
				GCC_OPTIMIZATION_LEVEL = 0;
				GCC_PREPROCESSOR_DEFINITIONS = (
					"DEBUG=1",
					"$(inherited)",
				);
				GCC_WARN_64_TO_32_BIT_CONVERSION = YES;
				GCC_WARN_ABOUT_RETURN_TYPE = YES_ERROR;
				GCC_WARN_UNDECLARED_SELECTOR = YES;
				GCC_WARN_UNINITIALIZED_AUTOS = YES_AGGRESSIVE;
				GCC_WARN_UNUSED_FUNCTION = YES;
				GCC_WARN_UNUSED_VARIABLE = YES;
				IPHONEOS_DEPLOYMENT_TARGET = 9.2;
				MTL_ENABLE_DEBUG_INFO = YES;
				ONLY_ACTIVE_ARCH = YES;
				SDKROOT = iphoneos;
				TARGETED_DEVICE_FAMILY = "1,2";
			};
			name = Debug;
		};
		983D067F1C8A7B0500D7034B /* Release */ = {
			isa = XCBuildConfiguration;
			buildSettings = {
				ALWAYS_SEARCH_USER_PATHS = NO;
				CLANG_CXX_LANGUAGE_STANDARD = "gnu++0x";
				CLANG_CXX_LIBRARY = "libc++";
				CLANG_ENABLE_MODULES = YES;
				CLANG_ENABLE_OBJC_ARC = YES;
				CLANG_WARN_BOOL_CONVERSION = YES;
				CLANG_WARN_CONSTANT_CONVERSION = YES;
				CLANG_WARN_DIRECT_OBJC_ISA_USAGE = YES_ERROR;
				CLANG_WARN_EMPTY_BODY = YES;
				CLANG_WARN_ENUM_CONVERSION = YES;
				CLANG_WARN_INT_CONVERSION = YES;
				CLANG_WARN_OBJC_ROOT_CLASS = YES_ERROR;
				CLANG_WARN_UNREACHABLE_CODE = YES;
				CLANG_WARN__DUPLICATE_METHOD_MATCH = YES;
				"CODE_SIGN_IDENTITY[sdk=iphoneos*]" = "iPhone Developer";
				COPY_PHASE_STRIP = NO;
				DEBUG_INFORMATION_FORMAT = "dwarf-with-dsym";
				ENABLE_NS_ASSERTIONS = NO;
				ENABLE_STRICT_OBJC_MSGSEND = YES;
				GCC_C_LANGUAGE_STANDARD = gnu99;
				GCC_NO_COMMON_BLOCKS = YES;
				GCC_WARN_64_TO_32_BIT_CONVERSION = YES;
				GCC_WARN_ABOUT_RETURN_TYPE = YES_ERROR;
				GCC_WARN_UNDECLARED_SELECTOR = YES;
				GCC_WARN_UNINITIALIZED_AUTOS = YES_AGGRESSIVE;
				GCC_WARN_UNUSED_FUNCTION = YES;
				GCC_WARN_UNUSED_VARIABLE = YES;
				IPHONEOS_DEPLOYMENT_TARGET = 9.2;
				MTL_ENABLE_DEBUG_INFO = NO;
				SDKROOT = iphoneos;
				TARGETED_DEVICE_FAMILY = "1,2";
				VALIDATE_PRODUCT = YES;
			};
			name = Release;
		};
		983D06811C8A7B0500D7034B /* Debug */ = {
			isa = XCBuildConfiguration;
			buildSettings = {
				ASSETCATALOG_COMPILER_APPICON_NAME = AppIcon;
				ASSETCATALOG_COMPILER_LAUNCHIMAGE_NAME = Luanch;
				CODE_SIGN_IDENTITY = "iPhone Developer";
				INFOPLIST_FILE = OLi/Resources/Info.plist;
				IPHONEOS_DEPLOYMENT_TARGET = 7.0;
				LD_RUNPATH_SEARCH_PATHS = "$(inherited) @executable_path/Frameworks";
				PRODUCT_BUNDLE_IDENTIFIER = com.BrooksWon.OLi;
				PRODUCT_NAME = "$(TARGET_NAME)";
			};
			name = Debug;
		};
		983D06821C8A7B0500D7034B /* Release */ = {
			isa = XCBuildConfiguration;
			buildSettings = {
				ASSETCATALOG_COMPILER_APPICON_NAME = AppIcon;
				ASSETCATALOG_COMPILER_LAUNCHIMAGE_NAME = Luanch;
				CODE_SIGN_IDENTITY = "iPhone Developer";
				INFOPLIST_FILE = OLi/Resources/Info.plist;
				IPHONEOS_DEPLOYMENT_TARGET = 7.0;
				LD_RUNPATH_SEARCH_PATHS = "$(inherited) @executable_path/Frameworks";
				PRODUCT_BUNDLE_IDENTIFIER = com.BrooksWon.OLi;
				PRODUCT_NAME = "$(TARGET_NAME)";
			};
			name = Release;
		};
/* End XCBuildConfiguration section */

/* Begin XCConfigurationList section */
		983D064E1C8A7B0400D7034B /* Build configuration list for PBXProject "OLi" */ = {
			isa = XCConfigurationList;
			buildConfigurations = (
				983D067E1C8A7B0500D7034B /* Debug */,
				983D067F1C8A7B0500D7034B /* Release */,
			);
			defaultConfigurationIsVisible = 0;
			defaultConfigurationName = Release;
		};
		983D06801C8A7B0500D7034B /* Build configuration list for PBXNativeTarget "OLi" */ = {
			isa = XCConfigurationList;
			buildConfigurations = (
				983D06811C8A7B0500D7034B /* Debug */,
				983D06821C8A7B0500D7034B /* Release */,
			);
			defaultConfigurationIsVisible = 0;
			defaultConfigurationName = Release;
		};
/* End XCConfigurationList section */
	};
	rootObject = 983D064B1C8A7B0400D7034B /* Project object */;
}
