// !$*UTF8*$!
{
	archiveVersion = 1;
	classes = {
	};
	objectVersion = 46;
	objects = {

/* Begin PBXBuildFile section */
		983D06631C8A7B0400D7034B /* Assets.xcassets in Resources */ = {isa = PBXBuildFile; fileRef = 983D06621C8A7B0400D7034B /* Assets.xcassets */; };
		983D06951C8A7F8800D7034B /* OLiAppDelegate.m in Sources */ = {isa = PBXBuildFile; fileRef = 983D06901C8A7F8800D7034B /* OLiAppDelegate.m */; };
		983D06971C8A7F8800D7034B /* main.m in Sources */ = {isa = PBXBuildFile; fileRef = 983D06931C8A7F8800D7034B /* main.m */; };
		983D069B1C8A81A500D7034B /* OLiBaseBoard.m in Sources */ = {isa = PBXBuildFile; fileRef = 983D06991C8A81A500D7034B /* OLiBaseBoard.m */; };
		983D069C1C8A81A500D7034B /* OLiBaseBoard.xib in Resources */ = {isa = PBXBuildFile; fileRef = 983D069A1C8A81A500D7034B /* OLiBaseBoard.xib */; };
		983D06AA1C8A81FD00D7034B /* OLiHomeBoard.m in Sources */ = {isa = PBXBuildFile; fileRef = 983D06A81C8A81FD00D7034B /* OLiHomeBoard.m */; };
		983D06AB1C8A81FD00D7034B /* OLiHomeBoard.xib in Resources */ = {isa = PBXBuildFile; fileRef = 983D06A91C8A81FD00D7034B /* OLiHomeBoard.xib */; };
/* End PBXBuildFile section */

/* Begin PBXFileReference section */
		983D06531C8A7B0400D7034B /* OLi.app */ = {isa = PBXFileReference; explicitFileType = wrapper.application; includeInIndex = 0; path = OLi.app; sourceTree = BUILT_PRODUCTS_DIR; };
		983D06621C8A7B0400D7034B /* Assets.xcassets */ = {isa = PBXFileReference; lastKnownFileType = folder.assetcatalog; path = Assets.xcassets; sourceTree = "<group>"; };
		983D068F1C8A7F8800D7034B /* OLiAppDelegate.h */ = {isa = PBXFileReference; fileEncoding = 4; lastKnownFileType = sourcecode.c.h; path = OLiAppDelegate.h; sourceTree = "<group>"; };
		983D06901C8A7F8800D7034B /* OLiAppDelegate.m */ = {isa = PBXFileReference; fileEncoding = 4; lastKnownFileType = sourcecode.c.objc; path = OLiAppDelegate.m; sourceTree = "<group>"; };
		983D06921C8A7F8800D7034B /* Info.plist */ = {isa = PBXFileReference; fileEncoding = 4; lastKnownFileType = text.plist.xml; path = Info.plist; sourceTree = "<group>"; };
		983D06931C8A7F8800D7034B /* main.m */ = {isa = PBXFileReference; fileEncoding = 4; lastKnownFileType = sourcecode.c.objc; path = main.m; sourceTree = "<group>"; };
		983D06981C8A81A500D7034B /* OLiBaseBoard.h */ = {isa = PBXFileReference; fileEncoding = 4; lastKnownFileType = sourcecode.c.h; path = OLiBaseBoard.h; sourceTree = "<group>"; };
		983D06991C8A81A500D7034B /* OLiBaseBoard.m */ = {isa = PBXFileReference; fileEncoding = 4; lastKnownFileType = sourcecode.c.objc; path = OLiBaseBoard.m; sourceTree = "<group>"; };
		983D069A1C8A81A500D7034B /* OLiBaseBoard.xib */ = {isa = PBXFileReference; fileEncoding = 4; lastKnownFileType = file.xib; path = OLiBaseBoard.xib; sourceTree = "<group>"; };
		983D06A71C8A81FD00D7034B /* OLiHomeBoard.h */ = {isa = PBXFileReference; fileEncoding = 4; lastKnownFileType = sourcecode.c.h; path = OLiHomeBoard.h; sourceTree = "<group>"; };
		983D06A81C8A81FD00D7034B /* OLiHomeBoard.m */ = {isa = PBXFileReference; fileEncoding = 4; lastKnownFileType = sourcecode.c.objc; path = OLiHomeBoard.m; sourceTree = "<group>"; };
		983D06A91C8A81FD00D7034B /* OLiHomeBoard.xib */ = {isa = PBXFileReference; fileEncoding = 4; lastKnownFileType = file.xib; path = OLiHomeBoard.xib; sourceTree = "<group>"; };
/* End PBXFileReference section */

/* Begin PBXFrameworksBuildPhase section */
		983D06501C8A7B0400D7034B /* Frameworks */ = {
			isa = PBXFrameworksBuildPhase;
			buildActionMask = 2147483647;
			files = (
			);
			runOnlyForDeploymentPostprocessing = 0;
		};
/* End PBXFrameworksBuildPhase section */

/* Begin PBXGroup section */
		983D064A1C8A7B0400D7034B = {
			isa = PBXGroup;
			children = (
				983D06551C8A7B0400D7034B /* OLi */,
				983D06541C8A7B0400D7034B /* Products */,
			);
			sourceTree = "<group>";
		};
		983D06541C8A7B0400D7034B /* Products */ = {
			isa = PBXGroup;
			children = (
				983D06531C8A7B0400D7034B /* OLi.app */,
			);
			name = Products;
			sourceTree = "<group>";
		};
		983D06551C8A7B0400D7034B /* OLi */ = {
			isa = PBXGroup;
			children = (
				983D06621C8A7B0400D7034B /* Assets.xcassets */,
				983D068C1C8A7F8800D7034B /* Boards */,
				983D068E1C8A7F8800D7034B /* Public */,
				983D068D1C8A7F8800D7034B /* OLiTools */,
				983D06911C8A7F8800D7034B /* Resources */,
				983D06941C8A7F8800D7034B /* Third */,
			);
			path = OLi;
			sourceTree = "<group>";
		};
		983D068C1C8A7F8800D7034B /* Boards */ = {
			isa = PBXGroup;
			children = (
				983D06981C8A81A500D7034B /* OLiBaseBoard.h */,
				983D06991C8A81A500D7034B /* OLiBaseBoard.m */,
				983D069A1C8A81A500D7034B /* OLiBaseBoard.xib */,
				983D06A71C8A81FD00D7034B /* OLiHomeBoard.h */,
				983D06A81C8A81FD00D7034B /* OLiHomeBoard.m */,
				983D06A91C8A81FD00D7034B /* OLiHomeBoard.xib */,
			);
			path = Boards;
			sourceTree = "<group>";
		};
		983D068D1C8A7F8800D7034B /* OLiTools */ = {
			isa = PBXGroup;
			children = (
			);
			path = OLiTools;
			sourceTree = "<group>";
		};
		983D068E1C8A7F8800D7034B /* Public */ = {
			isa = PBXGroup;
			children = (
				983D068F1C8A7F8800D7034B /* OLiAppDelegate.h */,
				983D06901C8A7F8800D7034B /* OLiAppDelegate.m */,
			);
			path = Public;
			sourceTree = "<group>";
		};
		983D06911C8A7F8800D7034B /* Resources */ = {
			isa = PBXGroup;
			children = (
				983D06921C8A7F8800D7034B /* Info.plist */,
				983D06931C8A7F8800D7034B /* main.m */,
			);
			path = Resources;
			sourceTree = "<group>";
		};
		983D06941C8A7F8800D7034B /* Third */ = {
			isa = PBXGroup;
			children = (
			);
			path = Third;
			sourceTree = "<group>";
		};
/* End PBXGroup section */

/* Begin PBXNativeTarget section */
		983D06521C8A7B0400D7034B /* OLi */ = {
			isa = PBXNativeTarget;
			buildConfigurationList = 983D06801C8A7B0500D7034B /* Build configuration list for PBXNativeTarget "OLi" */;
			buildPhases = (
				983D064F1C8A7B0400D7034B /* Sources */,
				983D06501C8A7B0400D7034B /* Frameworks */,
				983D06511C8A7B0400D7034B /* Resources */,
			);
			buildRules = (
			);
			dependencies = (
			);
			name = OLi;
			productName = OLi;
			productReference = 983D06531C8A7B0400D7034B /* OLi.app */;
			productType = "com.apple.product-type.application";
		};
/* End PBXNativeTarget section */

/* Begin PBXProject section */
		983D064B1C8A7B0400D7034B /* Project object */ = {
			isa = PBXProject;
			attributes = {
				LastUpgradeCheck = 0720;
				ORGANIZATIONNAME = "王建雨";
				TargetAttributes = {
					983D06521C8A7B0400D7034B = {
						CreatedOnToolsVersion = 7.2.1;
					};
				};
			};
			buildConfigurationList = 983D064E1C8A7B0400D7034B /* Build configuration list for PBXProject "OLi" */;
			compatibilityVersion = "Xcode 3.2";
			developmentRegion = English;
			hasScannedForEncodings = 0;
			knownRegions = (
				en,
				Base,
			);
			mainGroup = 983D064A1C8A7B0400D7034B;
			productRefGroup = 983D06541C8A7B0400D7034B /* Products */;
			projectDirPath = "";
			projectRoot = "";
			targets = (
				983D06521C8A7B0400D7034B /* OLi */,
			);
		};
/* End PBXProject section */

/* Begin PBXResourcesBuildPhase section */
		983D06511C8A7B0400D7034B /* Resources */ = {
			isa = PBXResourcesBuildPhase;
			buildActionMask = 2147483647;
			files = (
				983D069C1C8A81A500D7034B /* OLiBaseBoard.xib in Resources */,
				983D06AB1C8A81FD00D7034B /* OLiHomeBoard.xib in Resources */,
				983D06631C8A7B0400D7034B /* Assets.xcassets in Resources */,
			);
			runOnlyForDeploymentPostprocessing = 0;
		};
/* End PBXResourcesBuildPhase section */

/* Begin PBXSourcesBuildPhase section */
		983D064F1C8A7B0400D7034B /* Sources */ = {
			isa = PBXSourcesBuildPhase;
			buildActionMask = 2147483647;
			files = (
				983D069B1C8A81A500D7034B /* OLiBaseBoard.m in Sources */,
				983D06971C8A7F8800D7034B /* main.m in Sources */,
				983D06AA1C8A81FD00D7034B /* OLiHomeBoard.m in Sources */,
				983D06951C8A7F8800D7034B /* OLiAppDelegate.m in Sources */,
			);
			runOnlyForDeploymentPostprocessing = 0;
		};
/* End PBXSourcesBuildPhase section */

/* Begin XCBuildConfiguration section */
		983D067E1C8A7B0500D7034B /* Debug */ = {
			isa = XCBuildConfiguration;
			buildSettings = {
				ALWAYS_SEARCH_USER_PATHS = NO;
				CLANG_CXX_LANGUAGE_STANDARD = "gnu++0x";
				CLANG_CXX_LIBRARY = "libc++";
				CLANG_ENABLE_MODULES = YES;
				CLANG_ENABLE_OBJC_ARC = YES;
				CLANG_WARN_BOOL_CONVERSION = YES;
				CLANG_WARN_CONSTANT_CONVERSION = YES;
				CLANG_WARN_DIRECT_OBJC_ISA_USAGE = YES_ERROR;
				CLANG_WARN_EMPTY_BODY = YES;
				CLANG_WARN_ENUM_CONVERSION = YES;
				CLANG_WARN_INT_CONVERSION = YES;
				CLANG_WARN_OBJC_ROOT_CLASS = YES_ERROR;
				CLANG_WARN_UNREACHABLE_CODE = YES;
				CLANG_WARN__DUPLICATE_METHOD_MATCH = YES;
				"CODE_SIGN_IDENTITY[sdk=iphoneos*]" = "iPhone Developer";
				COPY_PHASE_STRIP = NO;
				DEBUG_INFORMATION_FORMAT = dwarf;
				ENABLE_STRICT_OBJC_MSGSEND = YES;
				ENABLE_TESTABILITY = YES;
				GCC_C_LANGUAGE_STANDARD = gnu99;
				GCC_DYNAMIC_NO_PIC = NO;
				GCC_NO_COMMON_BLOCKS = YES;
				GCC_OPTIMIZATION_LEVEL = 0;
				GCC_PREPROCESSOR_DEFINITIONS = (
					"DEBUG=1",
					"$(inherited)",
				);
				GCC_WARN_64_TO_32_BIT_CONVERSION = YES;
				GCC_WARN_ABOUT_RETURN_TYPE = YES_ERROR;
				GCC_WARN_UNDECLARED_SELECTOR = YES;
				GCC_WARN_UNINITIALIZED_AUTOS = YES_AGGRESSIVE;
				GCC_WARN_UNUSED_FUNCTION = YES;
				GCC_WARN_UNUSED_VARIABLE = YES;
				IPHONEOS_DEPLOYMENT_TARGET = 9.2;
				MTL_ENABLE_DEBUG_INFO = YES;
				ONLY_ACTIVE_ARCH = YES;
				SDKROOT = iphoneos;
				TARGETED_DEVICE_FAMILY = "1,2";
			};
			name = Debug;
		};
		983D067F1C8A7B0500D7034B /* Release */ = {
			isa = XCBuildConfiguration;
			buildSettings = {
				ALWAYS_SEARCH_USER_PATHS = NO;
				CLANG_CXX_LANGUAGE_STANDARD = "gnu++0x";
				CLANG_CXX_LIBRARY = "libc++";
				CLANG_ENABLE_MODULES = YES;
				CLANG_ENABLE_OBJC_ARC = YES;
				CLANG_WARN_BOOL_CONVERSION = YES;
				CLANG_WARN_CONSTANT_CONVERSION = YES;
				CLANG_WARN_DIRECT_OBJC_ISA_USAGE = YES_ERROR;
				CLANG_WARN_EMPTY_BODY = YES;
				CLANG_WARN_ENUM_CONVERSION = YES;
				CLANG_WARN_INT_CONVERSION = YES;
				CLANG_WARN_OBJC_ROOT_CLASS = YES_ERROR;
				CLANG_WARN_UNREACHABLE_CODE = YES;
				CLANG_WARN__DUPLICATE_METHOD_MATCH = YES;
				"CODE_SIGN_IDENTITY[sdk=iphoneos*]" = "iPhone Developer";
				COPY_PHASE_STRIP = NO;
				DEBUG_INFORMATION_FORMAT = "dwarf-with-dsym";
				ENABLE_NS_ASSERTIONS = NO;
				ENABLE_STRICT_OBJC_MSGSEND = YES;
				GCC_C_LANGUAGE_STANDARD = gnu99;
				GCC_NO_COMMON_BLOCKS = YES;
				GCC_WARN_64_TO_32_BIT_CONVERSION = YES;
				GCC_WARN_ABOUT_RETURN_TYPE = YES_ERROR;
				GCC_WARN_UNDECLARED_SELECTOR = YES;
				GCC_WARN_UNINITIALIZED_AUTOS = YES_AGGRESSIVE;
				GCC_WARN_UNUSED_FUNCTION = YES;
				GCC_WARN_UNUSED_VARIABLE = YES;
				IPHONEOS_DEPLOYMENT_TARGET = 9.2;
				MTL_ENABLE_DEBUG_INFO = NO;
				SDKROOT = iphoneos;
				TARGETED_DEVICE_FAMILY = "1,2";
				VALIDATE_PRODUCT = YES;
			};
			name = Release;
		};
		983D06811C8A7B0500D7034B /* Debug */ = {
			isa = XCBuildConfiguration;
			buildSettings = {
				ASSETCATALOG_COMPILER_APPICON_NAME = AppIcon;
				INFOPLIST_FILE = OLi/Resources/Info.plist;
				LD_RUNPATH_SEARCH_PATHS = "$(inherited) @executable_path/Frameworks";
				PRODUCT_BUNDLE_IDENTIFIER = com.Brooks.OLi;
				PRODUCT_NAME = "$(TARGET_NAME)";
			};
			name = Debug;
		};
		983D06821C8A7B0500D7034B /* Release */ = {
			isa = XCBuildConfiguration;
			buildSettings = {
				ASSETCATALOG_COMPILER_APPICON_NAME = AppIcon;
				INFOPLIST_FILE = OLi/Resources/Info.plist;
				LD_RUNPATH_SEARCH_PATHS = "$(inherited) @executable_path/Frameworks";
				PRODUCT_BUNDLE_IDENTIFIER = com.Brooks.OLi;
				PRODUCT_NAME = "$(TARGET_NAME)";
			};
			name = Release;
		};
/* End XCBuildConfiguration section */

/* Begin XCConfigurationList section */
		983D064E1C8A7B0400D7034B /* Build configuration list for PBXProject "OLi" */ = {
			isa = XCConfigurationList;
			buildConfigurations = (
				983D067E1C8A7B0500D7034B /* Debug */,
				983D067F1C8A7B0500D7034B /* Release */,
			);
			defaultConfigurationIsVisible = 0;
			defaultConfigurationName = Release;
		};
		983D06801C8A7B0500D7034B /* Build configuration list for PBXNativeTarget "OLi" */ = {
			isa = XCConfigurationList;
			buildConfigurations = (
				983D06811C8A7B0500D7034B /* Debug */,
				983D06821C8A7B0500D7034B /* Release */,
			);
			defaultConfigurationIsVisible = 0;
			defaultConfigurationName = Release;
		};
/* End XCConfigurationList section */
	};
	rootObject = 983D064B1C8A7B0400D7034B /* Project object */;
}
